
Microsoft Visual Studio Solution File, Format Version 12.00
# Visual Studio Version 17
VisualStudioVersion = 17.0.31903.59
MinimumVisualStudioVersion = 10.0.40219.1
Project("{2150E333-8FDC-42A3-9474-1A3956D46DE8}") = "shared", "shared", "{4F52FD11-658E-A102-6CD3-7D7C16FFA15B}"
EndProject
Project("{FAE04EC0-301F-11D3-BF4B-00C04F79EFBC}") = "Revoa.Abstractions", "shared\Revoa.Abstractions\Revoa.Abstractions.csproj", "{7DC33F85-4A32-49CC-A416-B4CD37561C06}"
EndProject
Project("{FAE04EC0-301F-11D3-BF4B-00C04F79EFBC}") = "Revoa.IntegrationContracts", "shared\Revoa.IntegrationContracts\Revoa.IntegrationContracts.csproj", "{F5174B13-BB05-4E34-8D3F-F9F719DF78DD}"
EndProject
Project("{FAE04EC0-301F-11D3-BF4B-00C04F79EFBC}") = "Revoa.Infrastructure", "shared\Revoa.Infrastructure\Revoa.Infrastructure.csproj", "{46E60301-E8E5-4AD3-AB97-1A3DFDBFB762}"
EndProject
Project("{2150E333-8FDC-42A3-9474-1A3956D46DE8}") = "modules", "modules", "{CA253913-39DE-BFD0-C9A3-4B7EC6FBDF17}"
EndProject
Project("{2150E333-8FDC-42A3-9474-1A3956D46DE8}") = "identity", "identity", "{293C06CD-4E17-48BD-9F3B-B5ADDFFA9425}"
EndProject
Project("{FAE04EC0-301F-11D3-BF4B-00C04F79EFBC}") = "Revoa.Identity.Domain", "modules\identity\Revoa.Identity.Domain\Revoa.Identity.Domain.csproj", "{01CE1B9C-C03D-4513-A4C2-12F96AE66C85}"
EndProject
Project("{FAE04EC0-301F-11D3-BF4B-00C04F79EFBC}") = "Revoa.Identity.Application", "modules\identity\Revoa.Identity.Application\Revoa.Identity.Application.csproj", "{E2D0798F-AD6F-44BD-ADA8-726E9160FE02}"
EndProject
Project("{FAE04EC0-301F-11D3-BF4B-00C04F79EFBC}") = "Revoa.Identity.Infrastructure", "modules\identity\Revoa.Identity.Infrastructure\Revoa.Identity.Infrastructure.csproj", "{D03BC61E-A9B3-48ED-884B-33028E43D0AE}"
EndProject
Project("{FAE04EC0-301F-11D3-BF4B-00C04F79EFBC}") = "Revoa.Api", "Revoa.Api\Revoa.Api.csproj", "{8084C1C8-1208-44EF-B7EF-0AA0A9F04066}"
EndProject
Project("{2150E333-8FDC-42A3-9474-1A3956D46DE8}") = "account", "account", "{71F629EA-9282-2260-281D-CFF0048595FC}"
EndProject
Project("{FAE04EC0-301F-11D3-BF4B-00C04F79EFBC}") = "Revoa.Account.Domain", "modules\account\Revoa.Account.Domain\Revoa.Account.Domain.csproj", "{636213A4-A512-4740-BADE-BA3742A8325E}"
EndProject
Project("{FAE04EC0-301F-11D3-BF4B-00C04F79EFBC}") = "Revoa.Account.Application", "modules\account\Revoa.Account.Application\Revoa.Account.Application.csproj", "{EA595BD3-900E-493C-9894-040B1997792E}"
EndProject
Project("{FAE04EC0-301F-11D3-BF4B-00C04F79EFBC}") = "Revoa.Account.Infrastructure", "modules\account\Revoa.Account.Infrastructure\Revoa.Account.Infrastructure.csproj", "{51CF6D11-0E37-4D55-B300-DA0D770F168E}"
EndProject
Project("{2150E333-8FDC-42A3-9474-1A3956D46DE8}") = "token", "token", "{0DD45662-9549-5807-2A36-C8CA849200C0}"
EndProject
Project("{FAE04EC0-301F-11D3-BF4B-00C04F79EFBC}") = "Revoa.Token.Domain", "modules\token\Revoa.Token.Domain\Revoa.Token.Domain.csproj", "{D6734CFA-4455-4E53-8D3D-C212B706F5DB}"
EndProject
Project("{FAE04EC0-301F-11D3-BF4B-00C04F79EFBC}") = "Revoa.Token.Application", "modules\token\Revoa.Token.Application\Revoa.Token.Application.csproj", "{A66696A6-2082-4340-83F9-71DB04BC97E1}"
EndProject
Project("{FAE04EC0-301F-11D3-BF4B-00C04F79EFBC}") = "Revoa.Token.Infrastructure", "modules\token\Revoa.Token.Infrastructure\Revoa.Token.Infrastructure.csproj", "{E33A8993-9CAA-4125-93D9-2D6853953CD1}"
EndProject
Global
	GlobalSection(SolutionConfigurationPlatforms) = preSolution
		Debug|Any CPU = Debug|Any CPU
		Debug|x64 = Debug|x64
		Debug|x86 = Debug|x86
		Release|Any CPU = Release|Any CPU
		Release|x64 = Release|x64
		Release|x86 = Release|x86
	EndGlobalSection
	GlobalSection(ProjectConfigurationPlatforms) = postSolution
		{7DC33F85-4A32-49CC-A416-B4CD37561C06}.Debug|Any CPU.ActiveCfg = Debug|Any CPU
		{7DC33F85-4A32-49CC-A416-B4CD37561C06}.Debug|Any CPU.Build.0 = Debug|Any CPU
		{7DC33F85-4A32-49CC-A416-B4CD37561C06}.Debug|x64.ActiveCfg = Debug|Any CPU
		{7DC33F85-4A32-49CC-A416-B4CD37561C06}.Debug|x64.Build.0 = Debug|Any CPU
		{7DC33F85-4A32-49CC-A416-B4CD37561C06}.Debug|x86.ActiveCfg = Debug|Any CPU
		{7DC33F85-4A32-49CC-A416-B4CD37561C06}.Debug|x86.Build.0 = Debug|Any CPU
		{7DC33F85-4A32-49CC-A416-B4CD37561C06}.Release|Any CPU.ActiveCfg = Release|Any CPU
		{7DC33F85-4A32-49CC-A416-B4CD37561C06}.Release|Any CPU.Build.0 = Release|Any CPU
		{7DC33F85-4A32-49CC-A416-B4CD37561C06}.Release|x64.ActiveCfg = Release|Any CPU
		{7DC33F85-4A32-49CC-A416-B4CD37561C06}.Release|x64.Build.0 = Release|Any CPU
		{7DC33F85-4A32-49CC-A416-B4CD37561C06}.Release|x86.ActiveCfg = Release|Any CPU
		{7DC33F85-4A32-49CC-A416-B4CD37561C06}.Release|x86.Build.0 = Release|Any CPU
		{F5174B13-BB05-4E34-8D3F-F9F719DF78DD}.Debug|Any CPU.ActiveCfg = Debug|Any CPU
		{F5174B13-BB05-4E34-8D3F-F9F719DF78DD}.Debug|Any CPU.Build.0 = Debug|Any CPU
		{F5174B13-BB05-4E34-8D3F-F9F719DF78DD}.Debug|x64.ActiveCfg = Debug|Any CPU
		{F5174B13-BB05-4E34-8D3F-F9F719DF78DD}.Debug|x64.Build.0 = Debug|Any CPU
		{F5174B13-BB05-4E34-8D3F-F9F719DF78DD}.Debug|x86.ActiveCfg = Debug|Any CPU
		{F5174B13-BB05-4E34-8D3F-F9F719DF78DD}.Debug|x86.Build.0 = Debug|Any CPU
		{F5174B13-BB05-4E34-8D3F-F9F719DF78DD}.Release|Any CPU.ActiveCfg = Release|Any CPU
		{F5174B13-BB05-4E34-8D3F-F9F719DF78DD}.Release|Any CPU.Build.0 = Release|Any CPU
		{F5174B13-BB05-4E34-8D3F-F9F719DF78DD}.Release|x64.ActiveCfg = Release|Any CPU
		{F5174B13-BB05-4E34-8D3F-F9F719DF78DD}.Release|x64.Build.0 = Release|Any CPU
		{F5174B13-BB05-4E34-8D3F-F9F719DF78DD}.Release|x86.ActiveCfg = Release|Any CPU
		{F5174B13-BB05-4E34-8D3F-F9F719DF78DD}.Release|x86.Build.0 = Release|Any CPU
		{46E60301-E8E5-4AD3-AB97-1A3DFDBFB762}.Debug|Any CPU.ActiveCfg = Debug|Any CPU
		{46E60301-E8E5-4AD3-AB97-1A3DFDBFB762}.Debug|Any CPU.Build.0 = Debug|Any CPU
		{46E60301-E8E5-4AD3-AB97-1A3DFDBFB762}.Debug|x64.ActiveCfg = Debug|Any CPU
		{46E60301-E8E5-4AD3-AB97-1A3DFDBFB762}.Debug|x64.Build.0 = Debug|Any CPU
		{46E60301-E8E5-4AD3-AB97-1A3DFDBFB762}.Debug|x86.ActiveCfg = Debug|Any CPU
		{46E60301-E8E5-4AD3-AB97-1A3DFDBFB762}.Debug|x86.Build.0 = Debug|Any CPU
		{46E60301-E8E5-4AD3-AB97-1A3DFDBFB762}.Release|Any CPU.ActiveCfg = Release|Any CPU
		{46E60301-E8E5-4AD3-AB97-1A3DFDBFB762}.Release|Any CPU.Build.0 = Release|Any CPU
		{46E60301-E8E5-4AD3-AB97-1A3DFDBFB762}.Release|x64.ActiveCfg = Release|Any CPU
		{46E60301-E8E5-4AD3-AB97-1A3DFDBFB762}.Release|x64.Build.0 = Release|Any CPU
		{46E60301-E8E5-4AD3-AB97-1A3DFDBFB762}.Release|x86.ActiveCfg = Release|Any CPU
		{46E60301-E8E5-4AD3-AB97-1A3DFDBFB762}.Release|x86.Build.0 = Release|Any CPU
		{01CE1B9C-C03D-4513-A4C2-12F96AE66C85}.Debug|Any CPU.ActiveCfg = Debug|Any CPU
		{01CE1B9C-C03D-4513-A4C2-12F96AE66C85}.Debug|Any CPU.Build.0 = Debug|Any CPU
		{01CE1B9C-C03D-4513-A4C2-12F96AE66C85}.Debug|x64.ActiveCfg = Debug|Any CPU
		{01CE1B9C-C03D-4513-A4C2-12F96AE66C85}.Debug|x64.Build.0 = Debug|Any CPU
		{01CE1B9C-C03D-4513-A4C2-12F96AE66C85}.Debug|x86.ActiveCfg = Debug|Any CPU
		{01CE1B9C-C03D-4513-A4C2-12F96AE66C85}.Debug|x86.Build.0 = Debug|Any CPU
		{01CE1B9C-C03D-4513-A4C2-12F96AE66C85}.Release|Any CPU.ActiveCfg = Release|Any CPU
		{01CE1B9C-C03D-4513-A4C2-12F96AE66C85}.Release|Any CPU.Build.0 = Release|Any CPU
		{01CE1B9C-C03D-4513-A4C2-12F96AE66C85}.Release|x64.ActiveCfg = Release|Any CPU
		{01CE1B9C-C03D-4513-A4C2-12F96AE66C85}.Release|x64.Build.0 = Release|Any CPU
		{01CE1B9C-C03D-4513-A4C2-12F96AE66C85}.Release|x86.ActiveCfg = Release|Any CPU
		{01CE1B9C-C03D-4513-A4C2-12F96AE66C85}.Release|x86.Build.0 = Release|Any CPU
		{E2D0798F-AD6F-44BD-ADA8-726E9160FE02}.Debug|Any CPU.ActiveCfg = Debug|Any CPU
		{E2D0798F-AD6F-44BD-ADA8-726E9160FE02}.Debug|Any CPU.Build.0 = Debug|Any CPU
		{E2D0798F-AD6F-44BD-ADA8-726E9160FE02}.Debug|x64.ActiveCfg = Debug|Any CPU
		{E2D0798F-AD6F-44BD-ADA8-726E9160FE02}.Debug|x64.Build.0 = Debug|Any CPU
		{E2D0798F-AD6F-44BD-ADA8-726E9160FE02}.Debug|x86.ActiveCfg = Debug|Any CPU
		{E2D0798F-AD6F-44BD-ADA8-726E9160FE02}.Debug|x86.Build.0 = Debug|Any CPU
		{E2D0798F-AD6F-44BD-ADA8-726E9160FE02}.Release|Any CPU.ActiveCfg = Release|Any CPU
		{E2D0798F-AD6F-44BD-ADA8-726E9160FE02}.Release|Any CPU.Build.0 = Release|Any CPU
		{E2D0798F-AD6F-44BD-ADA8-726E9160FE02}.Release|x64.ActiveCfg = Release|Any CPU
		{E2D0798F-AD6F-44BD-ADA8-726E9160FE02}.Release|x64.Build.0 = Release|Any CPU
		{E2D0798F-AD6F-44BD-ADA8-726E9160FE02}.Release|x86.ActiveCfg = Release|Any CPU
		{E2D0798F-AD6F-44BD-ADA8-726E9160FE02}.Release|x86.Build.0 = Release|Any CPU
		{D03BC61E-A9B3-48ED-884B-33028E43D0AE}.Debug|Any CPU.ActiveCfg = Debug|Any CPU
		{D03BC61E-A9B3-48ED-884B-33028E43D0AE}.Debug|Any CPU.Build.0 = Debug|Any CPU
		{D03BC61E-A9B3-48ED-884B-33028E43D0AE}.Debug|x64.ActiveCfg = Debug|Any CPU
		{D03BC61E-A9B3-48ED-884B-33028E43D0AE}.Debug|x64.Build.0 = Debug|Any CPU
		{D03BC61E-A9B3-48ED-884B-33028E43D0AE}.Debug|x86.ActiveCfg = Debug|Any CPU
		{D03BC61E-A9B3-48ED-884B-33028E43D0AE}.Debug|x86.Build.0 = Debug|Any CPU
		{D03BC61E-A9B3-48ED-884B-33028E43D0AE}.Release|Any CPU.ActiveCfg = Release|Any CPU
		{D03BC61E-A9B3-48ED-884B-33028E43D0AE}.Release|Any CPU.Build.0 = Release|Any CPU
		{D03BC61E-A9B3-48ED-884B-33028E43D0AE}.Release|x64.ActiveCfg = Release|Any CPU
		{D03BC61E-A9B3-48ED-884B-33028E43D0AE}.Release|x64.Build.0 = Release|Any CPU
		{D03BC61E-A9B3-48ED-884B-33028E43D0AE}.Release|x86.ActiveCfg = Release|Any CPU
		{D03BC61E-A9B3-48ED-884B-33028E43D0AE}.Release|x86.Build.0 = Release|Any CPU
		{8084C1C8-1208-44EF-B7EF-0AA0A9F04066}.Debug|Any CPU.ActiveCfg = Debug|Any CPU
		{8084C1C8-1208-44EF-B7EF-0AA0A9F04066}.Debug|Any CPU.Build.0 = Debug|Any CPU
		{8084C1C8-1208-44EF-B7EF-0AA0A9F04066}.Debug|x64.ActiveCfg = Debug|Any CPU
		{8084C1C8-1208-44EF-B7EF-0AA0A9F04066}.Debug|x64.Build.0 = Debug|Any CPU
		{8084C1C8-1208-44EF-B7EF-0AA0A9F04066}.Debug|x86.ActiveCfg = Debug|Any CPU
		{8084C1C8-1208-44EF-B7EF-0AA0A9F04066}.Debug|x86.Build.0 = Debug|Any CPU
		{8084C1C8-1208-44EF-B7EF-0AA0A9F04066}.Release|Any CPU.ActiveCfg = Release|Any CPU
		{8084C1C8-1208-44EF-B7EF-0AA0A9F04066}.Release|Any CPU.Build.0 = Release|Any CPU
		{8084C1C8-1208-44EF-B7EF-0AA0A9F04066}.Release|x64.ActiveCfg = Release|Any CPU
		{8084C1C8-1208-44EF-B7EF-0AA0A9F04066}.Release|x64.Build.0 = Release|Any CPU
		{8084C1C8-1208-44EF-B7EF-0AA0A9F04066}.Release|x86.ActiveCfg = Release|Any CPU
		{8084C1C8-1208-44EF-B7EF-0AA0A9F04066}.Release|x86.Build.0 = Release|Any CPU
		{636213A4-A512-4740-BADE-BA3742A8325E}.Debug|Any CPU.ActiveCfg = Debug|Any CPU
		{636213A4-A512-4740-BADE-BA3742A8325E}.Debug|Any CPU.Build.0 = Debug|Any CPU
		{636213A4-A512-4740-BADE-BA3742A8325E}.Debug|x64.ActiveCfg = Debug|Any CPU
		{636213A4-A512-4740-BADE-BA3742A8325E}.Debug|x64.Build.0 = Debug|Any CPU
		{636213A4-A512-4740-BADE-BA3742A8325E}.Debug|x86.ActiveCfg = Debug|Any CPU
		{636213A4-A512-4740-BADE-BA3742A8325E}.Debug|x86.Build.0 = Debug|Any CPU
		{636213A4-A512-4740-BADE-BA3742A8325E}.Release|Any CPU.ActiveCfg = Release|Any CPU
		{636213A4-A512-4740-BADE-BA3742A8325E}.Release|Any CPU.Build.0 = Release|Any CPU
		{636213A4-A512-4740-BADE-BA3742A8325E}.Release|x64.ActiveCfg = Release|Any CPU
		{636213A4-A512-4740-BADE-BA3742A8325E}.Release|x64.Build.0 = Release|Any CPU
		{636213A4-A512-4740-BADE-BA3742A8325E}.Release|x86.ActiveCfg = Release|Any CPU
		{636213A4-A512-4740-BADE-BA3742A8325E}.Release|x86.Build.0 = Release|Any CPU
		{EA595BD3-900E-493C-9894-040B1997792E}.Debug|Any CPU.ActiveCfg = Debug|Any CPU
		{EA595BD3-900E-493C-9894-040B1997792E}.Debug|Any CPU.Build.0 = Debug|Any CPU
		{EA595BD3-900E-493C-9894-040B1997792E}.Debug|x64.ActiveCfg = Debug|Any CPU
		{EA595BD3-900E-493C-9894-040B1997792E}.Debug|x64.Build.0 = Debug|Any CPU
		{EA595BD3-900E-493C-9894-040B1997792E}.Debug|x86.ActiveCfg = Debug|Any CPU
		{EA595BD3-900E-493C-9894-040B1997792E}.Debug|x86.Build.0 = Debug|Any CPU
		{EA595BD3-900E-493C-9894-040B1997792E}.Release|Any CPU.ActiveCfg = Release|Any CPU
		{EA595BD3-900E-493C-9894-040B1997792E}.Release|Any CPU.Build.0 = Release|Any CPU
		{EA595BD3-900E-493C-9894-040B1997792E}.Release|x64.ActiveCfg = Release|Any CPU
		{EA595BD3-900E-493C-9894-040B1997792E}.Release|x64.Build.0 = Release|Any CPU
		{EA595BD3-900E-493C-9894-040B1997792E}.Release|x86.ActiveCfg = Release|Any CPU
		{EA595BD3-900E-493C-9894-040B1997792E}.Release|x86.Build.0 = Release|Any CPU
		{51CF6D11-0E37-4D55-B300-DA0D770F168E}.Debug|Any CPU.ActiveCfg = Debug|Any CPU
		{51CF6D11-0E37-4D55-B300-DA0D770F168E}.Debug|Any CPU.Build.0 = Debug|Any CPU
		{51CF6D11-0E37-4D55-B300-DA0D770F168E}.Debug|x64.ActiveCfg = Debug|Any CPU
		{51CF6D11-0E37-4D55-B300-DA0D770F168E}.Debug|x64.Build.0 = Debug|Any CPU
		{51CF6D11-0E37-4D55-B300-DA0D770F168E}.Debug|x86.ActiveCfg = Debug|Any CPU
		{51CF6D11-0E37-4D55-B300-DA0D770F168E}.Debug|x86.Build.0 = Debug|Any CPU
		{51CF6D11-0E37-4D55-B300-DA0D770F168E}.Release|Any CPU.ActiveCfg = Release|Any CPU
		{51CF6D11-0E37-4D55-B300-DA0D770F168E}.Release|Any CPU.Build.0 = Release|Any CPU
		{51CF6D11-0E37-4D55-B300-DA0D770F168E}.Release|x64.ActiveCfg = Release|Any CPU
		{51CF6D11-0E37-4D55-B300-DA0D770F168E}.Release|x64.Build.0 = Release|Any CPU
		{51CF6D11-0E37-4D55-B300-DA0D770F168E}.Release|x86.ActiveCfg = Release|Any CPU
		{51CF6D11-0E37-4D55-B300-DA0D770F168E}.Release|x86.Build.0 = Release|Any CPU
		{D6734CFA-4455-4E53-8D3D-C212B706F5DB}.Debug|Any CPU.ActiveCfg = Debug|Any CPU
		{D6734CFA-4455-4E53-8D3D-C212B706F5DB}.Debug|Any CPU.Build.0 = Debug|Any CPU
		{D6734CFA-4455-4E53-8D3D-C212B706F5DB}.Debug|x64.ActiveCfg = Debug|Any CPU
		{D6734CFA-4455-4E53-8D3D-C212B706F5DB}.Debug|x64.Build.0 = Debug|Any CPU
		{D6734CFA-4455-4E53-8D3D-C212B706F5DB}.Debug|x86.ActiveCfg = Debug|Any CPU
		{D6734CFA-4455-4E53-8D3D-C212B706F5DB}.Debug|x86.Build.0 = Debug|Any CPU
		{D6734CFA-4455-4E53-8D3D-C212B706F5DB}.Release|Any CPU.ActiveCfg = Release|Any CPU
		{D6734CFA-4455-4E53-8D3D-C212B706F5DB}.Release|Any CPU.Build.0 = Release|Any CPU
		{D6734CFA-4455-4E53-8D3D-C212B706F5DB}.Release|x64.ActiveCfg = Release|Any CPU
		{D6734CFA-4455-4E53-8D3D-C212B706F5DB}.Release|x64.Build.0 = Release|Any CPU
		{D6734CFA-4455-4E53-8D3D-C212B706F5DB}.Release|x86.ActiveCfg = Release|Any CPU
		{D6734CFA-4455-4E53-8D3D-C212B706F5DB}.Release|x86.Build.0 = Release|Any CPU
		{A66696A6-2082-4340-83F9-71DB04BC97E1}.Debug|Any CPU.ActiveCfg = Debug|Any CPU
		{A66696A6-2082-4340-83F9-71DB04BC97E1}.Debug|Any CPU.Build.0 = Debug|Any CPU
		{A66696A6-2082-4340-83F9-71DB04BC97E1}.Debug|x64.ActiveCfg = Debug|Any CPU
		{A66696A6-2082-4340-83F9-71DB04BC97E1}.Debug|x64.Build.0 = Debug|Any CPU
		{A66696A6-2082-4340-83F9-71DB04BC97E1}.Debug|x86.ActiveCfg = Debug|Any CPU
		{A66696A6-2082-4340-83F9-71DB04BC97E1}.Debug|x86.Build.0 = Debug|Any CPU
		{A66696A6-2082-4340-83F9-71DB04BC97E1}.Release|Any CPU.ActiveCfg = Release|Any CPU
		{A66696A6-2082-4340-83F9-71DB04BC97E1}.Release|Any CPU.Build.0 = Release|Any CPU
		{A66696A6-2082-4340-83F9-71DB04BC97E1}.Release|x64.ActiveCfg = Release|Any CPU
		{A66696A6-2082-4340-83F9-71DB04BC97E1}.Release|x64.Build.0 = Release|Any CPU
		{A66696A6-2082-4340-83F9-71DB04BC97E1}.Release|x86.ActiveCfg = Release|Any CPU
		{A66696A6-2082-4340-83F9-71DB04BC97E1}.Release|x86.Build.0 = Release|Any CPU
		{E33A8993-9CAA-4125-93D9-2D6853953CD1}.Debug|Any CPU.ActiveCfg = Debug|Any CPU
		{E33A8993-9CAA-4125-93D9-2D6853953CD1}.Debug|Any CPU.Build.0 = Debug|Any CPU
		{E33A8993-9CAA-4125-93D9-2D6853953CD1}.Debug|x64.ActiveCfg = Debug|Any CPU
		{E33A8993-9CAA-4125-93D9-2D6853953CD1}.Debug|x64.Build.0 = Debug|Any CPU
		{E33A8993-9CAA-4125-93D9-2D6853953CD1}.Debug|x86.ActiveCfg = Debug|Any CPU
		{E33A8993-9CAA-4125-93D9-2D6853953CD1}.Debug|x86.Build.0 = Debug|Any CPU
		{E33A8993-9CAA-4125-93D9-2D6853953CD1}.Release|Any CPU.ActiveCfg = Release|Any CPU
		{E33A8993-9CAA-4125-93D9-2D6853953CD1}.Release|Any CPU.Build.0 = Release|Any CPU
		{E33A8993-9CAA-4125-93D9-2D6853953CD1}.Release|x64.ActiveCfg = Release|Any CPU
		{E33A8993-9CAA-4125-93D9-2D6853953CD1}.Release|x64.Build.0 = Release|Any CPU
		{E33A8993-9CAA-4125-93D9-2D6853953CD1}.Release|x86.ActiveCfg = Release|Any CPU
		{E33A8993-9CAA-4125-93D9-2D6853953CD1}.Release|x86.Build.0 = Release|Any CPU
	EndGlobalSection
	GlobalSection(SolutionProperties) = preSolution
		HideSolutionNode = FALSE
	EndGlobalSection
	GlobalSection(NestedProjects) = preSolution
		{7DC33F85-4A32-49CC-A416-B4CD37561C06} = {4F52FD11-658E-A102-6CD3-7D7C16FFA15B}
		{F5174B13-BB05-4E34-8D3F-F9F719DF78DD} = {4F52FD11-658E-A102-6CD3-7D7C16FFA15B}
		{46E60301-E8E5-4AD3-AB97-1A3DFDBFB762} = {4F52FD11-658E-A102-6CD3-7D7C16FFA15B}
		{293C06CD-4E17-48BD-9F3B-B5ADDFFA9425} = {CA253913-39DE-BFD0-C9A3-4B7EC6FBDF17}
		{01CE1B9C-C03D-4513-A4C2-12F96AE66C85} = {293C06CD-4E17-48BD-9F3B-B5ADDFFA9425}
		{E2D0798F-AD6F-44BD-ADA8-726E9160FE02} = {293C06CD-4E17-48BD-9F3B-B5ADDFFA9425}
		{D03BC61E-A9B3-48ED-884B-33028E43D0AE} = {293C06CD-4E17-48BD-9F3B-B5ADDFFA9425}
		{71F629EA-9282-2260-281D-CFF0048595FC} = {CA253913-39DE-BFD0-C9A3-4B7EC6FBDF17}
		{636213A4-A512-4740-BADE-BA3742A8325E} = {71F629EA-9282-2260-281D-CFF0048595FC}
		{EA595BD3-900E-493C-9894-040B1997792E} = {71F629EA-9282-2260-281D-CFF0048595FC}
		{51CF6D11-0E37-4D55-B300-DA0D770F168E} = {71F629EA-9282-2260-281D-CFF0048595FC}
		{0DD45662-9549-5807-2A36-C8CA849200C0} = {CA253913-39DE-BFD0-C9A3-4B7EC6FBDF17}
		{D6734CFA-4455-4E53-8D3D-C212B706F5DB} = {0DD45662-9549-5807-2A36-C8CA849200C0}
		{A66696A6-2082-4340-83F9-71DB04BC97E1} = {0DD45662-9549-5807-2A36-C8CA849200C0}
		{E33A8993-9CAA-4125-93D9-2D6853953CD1} = {0DD45662-9549-5807-2A36-C8CA849200C0}
	EndGlobalSection
EndGlobal
