
Microsoft Visual Studio Solution File, Format Version 12.00
# Visual Studio Version 17
VisualStudioVersion = 17.0.31903.59
MinimumVisualStudioVersion = 10.0.40219.1
Project("{2150E333-8FDC-42A3-9474-1A3956D46DE8}") = "shared", "shared", "{4F52FD11-658E-A102-6CD3-7D7C16FFA15B}"
EndProject
Project("{FAE04EC0-301F-11D3-BF4B-00C04F79EFBC}") = "Revoa.Abstractions", "shared\Revoa.Abstractions\Revoa.Abstractions.csproj", "{7DC33F85-4A32-49CC-A416-B4CD37561C06}"
EndProject
Project("{FAE04EC0-301F-11D3-BF4B-00C04F79EFBC}") = "Revoa.IntegrationContracts", "shared\Revoa.IntegrationContracts\Revoa.IntegrationContracts.csproj", "{F5174B13-BB05-4E34-8D3F-F9F719DF78DD}"
EndProject
Project("{FAE04EC0-301F-11D3-BF4B-00C04F79EFBC}") = "Revoa.Infrastructure", "shared\Revoa.Infrastructure\Revoa.Infrastructure.csproj", "{46E60301-E8E5-4AD3-AB97-1A3DFDBFB762}"
EndProject
Project("{2150E333-8FDC-42A3-9474-1A3956D46DE8}") = "modules", "modules", "{CA253913-39DE-BFD0-C9A3-4B7EC6FBDF17}"
EndProject
Project("{2150E333-8FDC-42A3-9474-1A3956D46DE8}") = "identity", "identity", "{293C06CD-4E17-48BD-9F3B-B5ADDFFA9425}"
EndProject
Project("{FAE04EC0-301F-11D3-BF4B-00C04F79EFBC}") = "Revoa.Identity.Domain", "modules\identity\Revoa.Identity.Domain\Revoa.Identity.Domain.csproj", "{01CE1B9C-C03D-4513-A4C2-12F96AE66C85}"
EndProject
Project("{FAE04EC0-301F-11D3-BF4B-00C04F79EFBC}") = "Revoa.Identity.Application", "modules\identity\Revoa.Identity.Application\Revoa.Identity.Application.csproj", "{E2D0798F-AD6F-44BD-ADA8-726E9160FE02}"
EndProject
Project("{FAE04EC0-301F-11D3-BF4B-00C04F79EFBC}") = "Revoa.Identity.Infrastructure", "modules\identity\Revoa.Identity.Infrastructure\Revoa.Identity.Infrastructure.csproj", "{D03BC61E-A9B3-48ED-884B-33028E43D0AE}"
EndProject
Project("{FAE04EC0-301F-11D3-BF4B-00C04F79EFBC}") = "Revoa.Api", "Revoa.Api\Revoa.Api.csproj", "{8084C1C8-1208-44EF-B7EF-0AA0A9F04066}"
EndProject
Project("{2150E333-8FDC-42A3-9474-1A3956D46DE8}") = "account", "account", "{71F629EA-9282-2260-281D-CFF0048595FC}"
EndProject
Project("{FAE04EC0-301F-11D3-BF4B-00C04F79EFBC}") = "Revoa.Account.Domain", "modules\account\Revoa.Account.Domain\Revoa.Account.Domain.csproj", "{636213A4-A512-4740-BADE-BA3742A8325E}"
EndProject
Project("{FAE04EC0-301F-11D3-BF4B-00C04F79EFBC}") = "Revoa.Account.Application", "modules\account\Revoa.Account.Application\Revoa.Account.Application.csproj", "{EA595BD3-900E-493C-9894-040B1997792E}"
EndProject
Project("{FAE04EC0-301F-11D3-BF4B-00C04F79EFBC}") = "Revoa.Account.Infrastructure", "modules\account\Revoa.Account.Infrastructure\Revoa.Account.Infrastructure.csproj", "{51CF6D11-0E37-4D55-B300-DA0D770F168E}"
EndProject
Project("{2150E333-8FDC-42A3-9474-1A3956D46DE8}") = "token", "token", "{0DD45662-9549-5807-2A36-C8CA849200C0}"
EndProject
Project("{FAE04EC0-301F-11D3-BF4B-00C04F79EFBC}") = "Revoa.Token.Domain", "modules\token\Revoa.Token.Domain\Revoa.Token.Domain.csproj", "{D6734CFA-4455-4E53-8D3D-C212B706F5DB}"
EndProject
Project("{FAE04EC0-301F-11D3-BF4B-00C04F79EFBC}") = "Revoa.Token.Application", "modules\token\Revoa.Token.Application\Revoa.Token.Application.csproj", "{A66696A6-2082-4340-83F9-71DB04BC97E1}"
EndProject
Project("{FAE04EC0-301F-11D3-BF4B-00C04F79EFBC}") = "Revoa.Token.Infrastructure", "modules\token\Revoa.Token.Infrastructure\Revoa.Token.Infrastructure.csproj", "{E33A8993-9CAA-4125-93D9-2D6853953CD1}"
EndProject
Project("{2150E333-8FDC-42A3-9474-1A3956D46DE8}") = "catalog", "catalog", "{729B03C7-1C3E-5EDD-EDB4-38F58E22BDF1}"
EndProject
Project("{FAE04EC0-301F-11D3-BF4B-00C04F79EFBC}") = "Revoa.Catalog.Domain", "modules\catalog\Revoa.Catalog.Domain\Revoa.Catalog.Domain.csproj", "{F4AD300A-4ACF-4AA7-BD80-506386F33298}"
EndProject
Project("{FAE04EC0-301F-11D3-BF4B-00C04F79EFBC}") = "Revoa.Catalog.Application", "modules\catalog\Revoa.Catalog.Application\Revoa.Catalog.Application.csproj", "{C1AA3142-5CDA-4CE4-8F6B-5AF81074D8CF}"
EndProject
Project("{FAE04EC0-301F-11D3-BF4B-00C04F79EFBC}") = "Revoa.Catalog.Infrastructure", "modules\catalog\Revoa.Catalog.Infrastructure\Revoa.Catalog.Infrastructure.csproj", "{BD65AADB-FBCF-4B06-A937-5F2103DB48C9}"
EndProject
Project("{2150E333-8FDC-42A3-9474-1A3956D46DE8}") = "community", "community", "{1FFB9A0F-042F-6584-83A8-D7D13B6E24D7}"
EndProject
Project("{FAE04EC0-301F-11D3-BF4B-00C04F79EFBC}") = "Revoa.Community.Domain", "modules\community\Revoa.Community.Domain\Revoa.Community.Domain.csproj", "{C911B15D-ABF6-4304-842F-EA086FC814A5}"
EndProject
Project("{FAE04EC0-301F-11D3-BF4B-00C04F79EFBC}") = "Revoa.Community.Application", "modules\community\Revoa.Community.Application\Revoa.Community.Application.csproj", "{34CD743E-9054-4BE8-A226-762105BB4A56}"
EndProject
Project("{FAE04EC0-301F-11D3-BF4B-00C04F79EFBC}") = "Revoa.Community.Infrastructure", "modules\community\Revoa.Community.Infrastructure\Revoa.Community.Infrastructure.csproj", "{DF8242F6-8A34-4EAB-B31A-0DDFFA3427B0}"
EndProject
Project("{2150E333-8FDC-42A3-9474-1A3956D46DE8}") = "exchange", "exchange", "{EAE2E20D-523A-AD5D-3973-DFD4803BAC82}"
EndProject
Project("{FAE04EC0-301F-11D3-BF4B-00C04F79EFBC}") = "Revoa.Exchange.Domain", "modules\exchange\Revoa.Exchange.Domain\Revoa.Exchange.Domain.csproj", "{FC675215-0B55-428D-9EA9-B66248047738}"
EndProject
Project("{FAE04EC0-301F-11D3-BF4B-00C04F79EFBC}") = "Revoa.Exchange.Application", "modules\exchange\Revoa.Exchange.Application\Revoa.Exchange.Application.csproj", "{C55BE91C-AA36-4269-B10D-F5CD731DEB96}"
EndProject
Project("{FAE04EC0-301F-11D3-BF4B-00C04F79EFBC}") = "Revoa.Exchange.Infrastructure", "modules\exchange\Revoa.Exchange.Infrastructure\Revoa.Exchange.Infrastructure.csproj", "{D48EFDD2-0CC2-402C-9561-4E93297A7AB0}"
EndProject
Project("{2150E333-8FDC-42A3-9474-1A3956D46DE8}") = "notifications", "notifications", "{E4F07A3A-0D15-4D3A-4C13-E2BD6EBFF108}"
EndProject
Project("{FAE04EC0-301F-11D3-BF4B-00C04F79EFBC}") = "Revoa.Notifications.Domain", "modules\notifications\Revoa.Notifications.Domain\Revoa.Notifications.Domain.csproj", "{0C7DF24E-2BB4-46E0-BBD3-A6F71F906479}"
EndProject
Project("{FAE04EC0-301F-11D3-BF4B-00C04F79EFBC}") = "Revoa.Notifications.Application", "modules\notifications\Revoa.Notifications.Application\Revoa.Notifications.Application.csproj", "{51A3A3CA-5221-45C8-B39D-795F62651C19}"
EndProject
Project("{FAE04EC0-301F-11D3-BF4B-00C04F79EFBC}") = "Revoa.Notifications.Infrastructure", "modules\notifications\Revoa.Notifications.Infrastructure\Revoa.Notifications.Infrastructure.csproj", "{F42283E1-69AF-4356-925C-05C5F0F67178}"
EndProject
Project("{2150E333-8FDC-42A3-9474-1A3956D46DE8}") = "reputation", "reputation", "{6153DBFE-E924-7D0F-FF5C-84EC91E8B397}"
EndProject
Project("{FAE04EC0-301F-11D3-BF4B-00C04F79EFBC}") = "Revoa.Reputation.Domain", "modules\reputation\Revoa.Reputation.Domain\Revoa.Reputation.Domain.csproj", "{4F557174-B0A8-46B3-B6DE-E9F7B118BE1B}"
EndProject
Project("{FAE04EC0-301F-11D3-BF4B-00C04F79EFBC}") = "Revoa.Reputation.Application", "modules\reputation\Revoa.Reputation.Application\Revoa.Reputation.Application.csproj", "{69205EA9-9307-4ECF-AB8B-8B3DE40533BE}"
EndProject
Project("{FAE04EC0-301F-11D3-BF4B-00C04F79EFBC}") = "Revoa.Reputation.Infrastructure", "modules\reputation\Revoa.Reputation.Infrastructure\Revoa.Reputation.Infrastructure.csproj", "{A7FE0268-088C-46C0-8D67-9F01C3ABBEE0}"
EndProject
Project("{2150E333-8FDC-42A3-9474-1A3956D46DE8}") = "moderation", "moderation", "{69DF4A77-A069-AA43-C925-9F1496C9FDA8}"
EndProject
Project("{FAE04EC0-301F-11D3-BF4B-00C04F79EFBC}") = "Revoa.Moderation.Domain", "modules\moderation\Revoa.Moderation.Domain\Revoa.Moderation.Domain.csproj", "{7304C3AE-B7C5-4204-8184-DD837FD2D487}"
EndProject
Project("{FAE04EC0-301F-11D3-BF4B-00C04F79EFBC}") = "Revoa.Moderation.Application", "modules\moderation\Revoa.Moderation.Application\Revoa.Moderation.Application.csproj", "{C57D2E66-F8A7-4C44-AE32-D350B48ACFB6}"
EndProject
Project("{FAE04EC0-301F-11D3-BF4B-00C04F79EFBC}") = "Revoa.Moderation.Infrastructure", "modules\moderation\Revoa.Moderation.Infrastructure\Revoa.Moderation.Infrastructure.csproj", "{14B739FD-7001-48F5-8B7B-4E5AFB9B0B56}"
EndProject
Project("{2150E333-8FDC-42A3-9474-1A3956D46DE8}") = "coupon", "coupon", "{18C895D1-4424-AC2A-0692-62B205FD9E4D}"
EndProject
Project("{FAE04EC0-301F-11D3-BF4B-00C04F79EFBC}") = "Revoa.Coupon.Domain", "modules\coupon\Revoa.Coupon.Domain\Revoa.Coupon.Domain.csproj", "{3EE5D306-12E0-4994-B0EA-7A3B617B7514}"
EndProject
Project("{FAE04EC0-301F-11D3-BF4B-00C04F79EFBC}") = "Revoa.Coupon.Application", "modules\coupon\Revoa.Coupon.Application\Revoa.Coupon.Application.csproj", "{A7C3DA44-68E2-4EBF-9FE9-990CD574867A}"
EndProject
Project("{FAE04EC0-301F-11D3-BF4B-00C04F79EFBC}") = "Revoa.Coupon.Infrastructure", "modules\coupon\Revoa.Coupon.Infrastructure\Revoa.Coupon.Infrastructure.csproj", "{D88B8D26-8DF1-4065-ACF5-15CC4F513E8D}"
EndProject
Project("{2150E333-8FDC-42A3-9474-1A3956D46DE8}") = "pricing", "pricing", "{54278E62-28FC-574E-69E4-38865D0A5AEC}"
EndProject
Project("{FAE04EC0-301F-11D3-BF4B-00C04F79EFBC}") = "Revoa.Pricing.Domain", "modules\pricing\Revoa.Pricing.Domain\Revoa.Pricing.Domain.csproj", "{F5B1C022-CD00-4CB7-8C78-784EF207F01A}"
EndProject
Project("{FAE04EC0-301F-11D3-BF4B-00C04F79EFBC}") = "Revoa.Pricing.Application", "modules\pricing\Revoa.Pricing.Application\Revoa.Pricing.Application.csproj", "{92773F90-D18B-4FDA-A521-31124894BDB3}"
EndProject
Project("{FAE04EC0-301F-11D3-BF4B-00C04F79EFBC}") = "Revoa.Pricing.Infrastructure", "modules\pricing\Revoa.Pricing.Infrastructure\Revoa.Pricing.Infrastructure.csproj", "{41B4DC07-647F-41B4-896D-BB907D5C2899}"
EndProject
Project("{2150E333-8FDC-42A3-9474-1A3956D46DE8}") = "demurrage", "demurrage", "{7AEE409A-C9F7-9D21-B12F-8C9C96CA921D}"
EndProject
Project("{FAE04EC0-301F-11D3-BF4B-00C04F79EFBC}") = "Revoa.Demurrage.Domain", "modules\demurrage\Revoa.Demurrage.Domain\Revoa.Demurrage.Domain.csproj", "{62E20F0B-B038-4408-A67A-058007A5048A}"
EndProject
Project("{FAE04EC0-301F-11D3-BF4B-00C04F79EFBC}") = "Revoa.Demurrage.Application", "modules\demurrage\Revoa.Demurrage.Application\Revoa.Demurrage.Application.csproj", "{79846EBB-5E3F-4FA7-A5FE-49BFC868ADFD}"
EndProject
Project("{FAE04EC0-301F-11D3-BF4B-00C04F79EFBC}") = "Revoa.Demurrage.Infrastructure", "modules\demurrage\Revoa.Demurrage.Infrastructure\Revoa.Demurrage.Infrastructure.csproj", "{582FCFD7-E7AA-4273-84DD-2059CF5F0173}"
EndProject
Project("{2150E333-8FDC-42A3-9474-1A3956D46DE8}") = "admin", "admin", "{E0F3FF92-BB8A-7B6F-817B-58792AAD083B}"
EndProject
Project("{FAE04EC0-301F-11D3-BF4B-00C04F79EFBC}") = "Revoa.Admin.Domain", "modules\admin\Revoa.Admin.Domain\Revoa.Admin.Domain.csproj", "{202115FB-F48C-4FED-A61B-1351FD1DD7A5}"
EndProject
Project("{FAE04EC0-301F-11D3-BF4B-00C04F79EFBC}") = "Revoa.Admin.Application", "modules\admin\Revoa.Admin.Application\Revoa.Admin.Application.csproj", "{2F4D5853-8D32-4E09-AA7F-73BB95798381}"
EndProject
Project("{FAE04EC0-301F-11D3-BF4B-00C04F79EFBC}") = "Revoa.Admin.Infrastructure", "modules\admin\Revoa.Admin.Infrastructure\Revoa.Admin.Infrastructure.csproj", "{14DF0778-4DB2-448C-8B51-AAF8AEE7F3D8}"
EndProject
Project("{2150E333-8FDC-42A3-9474-1A3956D46DE8}") = "test", "test", "{0C88DD14-F956-CE84-757C-A364CCF449FC}"
EndProject
Project("{FAE04EC0-301F-11D3-BF4B-00C04F79EFBC}") = "Revoa.IntegrationTests", "test\Revoa.IntegrationTests\Revoa.IntegrationTests.csproj", "{8A0D0932-16CD-4647-A4CF-E6A67D27D8AD}"
EndProject
Project("{FAE04EC0-301F-11D3-BF4B-00C04F79EFBC}") = "Revoa.Application", "shared\Revoa.Application\Revoa.Application.csproj", "{1C7C4346-E1BB-4DD4-BE73-BB8EE664A0B0}"
EndProject
Project("{FAE04EC0-301F-11D3-BF4B-00C04F79EFBC}") = "Revoa.Domain.Tests", "test\Revoa.Domain.Tests\Revoa.Domain.Tests.csproj", "{2C4D73D6-34A4-4523-8150-79441AFB69A1}"
EndProject
Global
	GlobalSection(SolutionConfigurationPlatforms) = preSolution
		Debug|Any CPU = Debug|Any CPU
		Debug|x64 = Debug|x64
		Debug|x86 = Debug|x86
		Release|Any CPU = Release|Any CPU
		Release|x64 = Release|x64
		Release|x86 = Release|x86
	EndGlobalSection
	GlobalSection(ProjectConfigurationPlatforms) = postSolution
		{7DC33F85-4A32-49CC-A416-B4CD37561C06}.Debug|Any CPU.ActiveCfg = Debug|Any CPU
		{7DC33F85-4A32-49CC-A416-B4CD37561C06}.Debug|Any CPU.Build.0 = Debug|Any CPU
		{7DC33F85-4A32-49CC-A416-B4CD37561C06}.Debug|x64.ActiveCfg = Debug|Any CPU
		{7DC33F85-4A32-49CC-A416-B4CD37561C06}.Debug|x64.Build.0 = Debug|Any CPU
		{7DC33F85-4A32-49CC-A416-B4CD37561C06}.Debug|x86.ActiveCfg = Debug|Any CPU
		{7DC33F85-4A32-49CC-A416-B4CD37561C06}.Debug|x86.Build.0 = Debug|Any CPU
		{7DC33F85-4A32-49CC-A416-B4CD37561C06}.Release|Any CPU.ActiveCfg = Release|Any CPU
		{7DC33F85-4A32-49CC-A416-B4CD37561C06}.Release|Any CPU.Build.0 = Release|Any CPU
		{7DC33F85-4A32-49CC-A416-B4CD37561C06}.Release|x64.ActiveCfg = Release|Any CPU
		{7DC33F85-4A32-49CC-A416-B4CD37561C06}.Release|x64.Build.0 = Release|Any CPU
		{7DC33F85-4A32-49CC-A416-B4CD37561C06}.Release|x86.ActiveCfg = Release|Any CPU
		{7DC33F85-4A32-49CC-A416-B4CD37561C06}.Release|x86.Build.0 = Release|Any CPU
		{F5174B13-BB05-4E34-8D3F-F9F719DF78DD}.Debug|Any CPU.ActiveCfg = Debug|Any CPU
		{F5174B13-BB05-4E34-8D3F-F9F719DF78DD}.Debug|Any CPU.Build.0 = Debug|Any CPU
		{F5174B13-BB05-4E34-8D3F-F9F719DF78DD}.Debug|x64.ActiveCfg = Debug|Any CPU
		{F5174B13-BB05-4E34-8D3F-F9F719DF78DD}.Debug|x64.Build.0 = Debug|Any CPU
		{F5174B13-BB05-4E34-8D3F-F9F719DF78DD}.Debug|x86.ActiveCfg = Debug|Any CPU
		{F5174B13-BB05-4E34-8D3F-F9F719DF78DD}.Debug|x86.Build.0 = Debug|Any CPU
		{F5174B13-BB05-4E34-8D3F-F9F719DF78DD}.Release|Any CPU.ActiveCfg = Release|Any CPU
		{F5174B13-BB05-4E34-8D3F-F9F719DF78DD}.Release|Any CPU.Build.0 = Release|Any CPU
		{F5174B13-BB05-4E34-8D3F-F9F719DF78DD}.Release|x64.ActiveCfg = Release|Any CPU
		{F5174B13-BB05-4E34-8D3F-F9F719DF78DD}.Release|x64.Build.0 = Release|Any CPU
		{F5174B13-BB05-4E34-8D3F-F9F719DF78DD}.Release|x86.ActiveCfg = Release|Any CPU
		{F5174B13-BB05-4E34-8D3F-F9F719DF78DD}.Release|x86.Build.0 = Release|Any CPU
		{46E60301-E8E5-4AD3-AB97-1A3DFDBFB762}.Debug|Any CPU.ActiveCfg = Debug|Any CPU
		{46E60301-E8E5-4AD3-AB97-1A3DFDBFB762}.Debug|Any CPU.Build.0 = Debug|Any CPU
		{46E60301-E8E5-4AD3-AB97-1A3DFDBFB762}.Debug|x64.ActiveCfg = Debug|Any CPU
		{46E60301-E8E5-4AD3-AB97-1A3DFDBFB762}.Debug|x64.Build.0 = Debug|Any CPU
		{46E60301-E8E5-4AD3-AB97-1A3DFDBFB762}.Debug|x86.ActiveCfg = Debug|Any CPU
		{46E60301-E8E5-4AD3-AB97-1A3DFDBFB762}.Debug|x86.Build.0 = Debug|Any CPU
		{46E60301-E8E5-4AD3-AB97-1A3DFDBFB762}.Release|Any CPU.ActiveCfg = Release|Any CPU
		{46E60301-E8E5-4AD3-AB97-1A3DFDBFB762}.Release|Any CPU.Build.0 = Release|Any CPU
		{46E60301-E8E5-4AD3-AB97-1A3DFDBFB762}.Release|x64.ActiveCfg = Release|Any CPU
		{46E60301-E8E5-4AD3-AB97-1A3DFDBFB762}.Release|x64.Build.0 = Release|Any CPU
		{46E60301-E8E5-4AD3-AB97-1A3DFDBFB762}.Release|x86.ActiveCfg = Release|Any CPU
		{46E60301-E8E5-4AD3-AB97-1A3DFDBFB762}.Release|x86.Build.0 = Release|Any CPU
		{01CE1B9C-C03D-4513-A4C2-12F96AE66C85}.Debug|Any CPU.ActiveCfg = Debug|Any CPU
		{01CE1B9C-C03D-4513-A4C2-12F96AE66C85}.Debug|Any CPU.Build.0 = Debug|Any CPU
		{01CE1B9C-C03D-4513-A4C2-12F96AE66C85}.Debug|x64.ActiveCfg = Debug|Any CPU
		{01CE1B9C-C03D-4513-A4C2-12F96AE66C85}.Debug|x64.Build.0 = Debug|Any CPU
		{01CE1B9C-C03D-4513-A4C2-12F96AE66C85}.Debug|x86.ActiveCfg = Debug|Any CPU
		{01CE1B9C-C03D-4513-A4C2-12F96AE66C85}.Debug|x86.Build.0 = Debug|Any CPU
		{01CE1B9C-C03D-4513-A4C2-12F96AE66C85}.Release|Any CPU.ActiveCfg = Release|Any CPU
		{01CE1B9C-C03D-4513-A4C2-12F96AE66C85}.Release|Any CPU.Build.0 = Release|Any CPU
		{01CE1B9C-C03D-4513-A4C2-12F96AE66C85}.Release|x64.ActiveCfg = Release|Any CPU
		{01CE1B9C-C03D-4513-A4C2-12F96AE66C85}.Release|x64.Build.0 = Release|Any CPU
		{01CE1B9C-C03D-4513-A4C2-12F96AE66C85}.Release|x86.ActiveCfg = Release|Any CPU
		{01CE1B9C-C03D-4513-A4C2-12F96AE66C85}.Release|x86.Build.0 = Release|Any CPU
		{E2D0798F-AD6F-44BD-ADA8-726E9160FE02}.Debug|Any CPU.ActiveCfg = Debug|Any CPU
		{E2D0798F-AD6F-44BD-ADA8-726E9160FE02}.Debug|Any CPU.Build.0 = Debug|Any CPU
		{E2D0798F-AD6F-44BD-ADA8-726E9160FE02}.Debug|x64.ActiveCfg = Debug|Any CPU
		{E2D0798F-AD6F-44BD-ADA8-726E9160FE02}.Debug|x64.Build.0 = Debug|Any CPU
		{E2D0798F-AD6F-44BD-ADA8-726E9160FE02}.Debug|x86.ActiveCfg = Debug|Any CPU
		{E2D0798F-AD6F-44BD-ADA8-726E9160FE02}.Debug|x86.Build.0 = Debug|Any CPU
		{E2D0798F-AD6F-44BD-ADA8-726E9160FE02}.Release|Any CPU.ActiveCfg = Release|Any CPU
		{E2D0798F-AD6F-44BD-ADA8-726E9160FE02}.Release|Any CPU.Build.0 = Release|Any CPU
		{E2D0798F-AD6F-44BD-ADA8-726E9160FE02}.Release|x64.ActiveCfg = Release|Any CPU
		{E2D0798F-AD6F-44BD-ADA8-726E9160FE02}.Release|x64.Build.0 = Release|Any CPU
		{E2D0798F-AD6F-44BD-ADA8-726E9160FE02}.Release|x86.ActiveCfg = Release|Any CPU
		{E2D0798F-AD6F-44BD-ADA8-726E9160FE02}.Release|x86.Build.0 = Release|Any CPU
		{D03BC61E-A9B3-48ED-884B-33028E43D0AE}.Debug|Any CPU.ActiveCfg = Debug|Any CPU
		{D03BC61E-A9B3-48ED-884B-33028E43D0AE}.Debug|Any CPU.Build.0 = Debug|Any CPU
		{D03BC61E-A9B3-48ED-884B-33028E43D0AE}.Debug|x64.ActiveCfg = Debug|Any CPU
		{D03BC61E-A9B3-48ED-884B-33028E43D0AE}.Debug|x64.Build.0 = Debug|Any CPU
		{D03BC61E-A9B3-48ED-884B-33028E43D0AE}.Debug|x86.ActiveCfg = Debug|Any CPU
		{D03BC61E-A9B3-48ED-884B-33028E43D0AE}.Debug|x86.Build.0 = Debug|Any CPU
		{D03BC61E-A9B3-48ED-884B-33028E43D0AE}.Release|Any CPU.ActiveCfg = Release|Any CPU
		{D03BC61E-A9B3-48ED-884B-33028E43D0AE}.Release|Any CPU.Build.0 = Release|Any CPU
		{D03BC61E-A9B3-48ED-884B-33028E43D0AE}.Release|x64.ActiveCfg = Release|Any CPU
		{D03BC61E-A9B3-48ED-884B-33028E43D0AE}.Release|x64.Build.0 = Release|Any CPU
		{D03BC61E-A9B3-48ED-884B-33028E43D0AE}.Release|x86.ActiveCfg = Release|Any CPU
		{D03BC61E-A9B3-48ED-884B-33028E43D0AE}.Release|x86.Build.0 = Release|Any CPU
		{8084C1C8-1208-44EF-B7EF-0AA0A9F04066}.Debug|Any CPU.ActiveCfg = Debug|Any CPU
		{8084C1C8-1208-44EF-B7EF-0AA0A9F04066}.Debug|Any CPU.Build.0 = Debug|Any CPU
		{8084C1C8-1208-44EF-B7EF-0AA0A9F04066}.Debug|x64.ActiveCfg = Debug|Any CPU
		{8084C1C8-1208-44EF-B7EF-0AA0A9F04066}.Debug|x64.Build.0 = Debug|Any CPU
		{8084C1C8-1208-44EF-B7EF-0AA0A9F04066}.Debug|x86.ActiveCfg = Debug|Any CPU
		{8084C1C8-1208-44EF-B7EF-0AA0A9F04066}.Debug|x86.Build.0 = Debug|Any CPU
		{8084C1C8-1208-44EF-B7EF-0AA0A9F04066}.Release|Any CPU.ActiveCfg = Release|Any CPU
		{8084C1C8-1208-44EF-B7EF-0AA0A9F04066}.Release|Any CPU.Build.0 = Release|Any CPU
		{8084C1C8-1208-44EF-B7EF-0AA0A9F04066}.Release|x64.ActiveCfg = Release|Any CPU
		{8084C1C8-1208-44EF-B7EF-0AA0A9F04066}.Release|x64.Build.0 = Release|Any CPU
		{8084C1C8-1208-44EF-B7EF-0AA0A9F04066}.Release|x86.ActiveCfg = Release|Any CPU
		{8084C1C8-1208-44EF-B7EF-0AA0A9F04066}.Release|x86.Build.0 = Release|Any CPU
		{636213A4-A512-4740-BADE-BA3742A8325E}.Debug|Any CPU.ActiveCfg = Debug|Any CPU
		{636213A4-A512-4740-BADE-BA3742A8325E}.Debug|Any CPU.Build.0 = Debug|Any CPU
		{636213A4-A512-4740-BADE-BA3742A8325E}.Debug|x64.ActiveCfg = Debug|Any CPU
		{636213A4-A512-4740-BADE-BA3742A8325E}.Debug|x64.Build.0 = Debug|Any CPU
		{636213A4-A512-4740-BADE-BA3742A8325E}.Debug|x86.ActiveCfg = Debug|Any CPU
		{636213A4-A512-4740-BADE-BA3742A8325E}.Debug|x86.Build.0 = Debug|Any CPU
		{636213A4-A512-4740-BADE-BA3742A8325E}.Release|Any CPU.ActiveCfg = Release|Any CPU
		{636213A4-A512-4740-BADE-BA3742A8325E}.Release|Any CPU.Build.0 = Release|Any CPU
		{636213A4-A512-4740-BADE-BA3742A8325E}.Release|x64.ActiveCfg = Release|Any CPU
		{636213A4-A512-4740-BADE-BA3742A8325E}.Release|x64.Build.0 = Release|Any CPU
		{636213A4-A512-4740-BADE-BA3742A8325E}.Release|x86.ActiveCfg = Release|Any CPU
		{636213A4-A512-4740-BADE-BA3742A8325E}.Release|x86.Build.0 = Release|Any CPU
		{EA595BD3-900E-493C-9894-040B1997792E}.Debug|Any CPU.ActiveCfg = Debug|Any CPU
		{EA595BD3-900E-493C-9894-040B1997792E}.Debug|Any CPU.Build.0 = Debug|Any CPU
		{EA595BD3-900E-493C-9894-040B1997792E}.Debug|x64.ActiveCfg = Debug|Any CPU
		{EA595BD3-900E-493C-9894-040B1997792E}.Debug|x64.Build.0 = Debug|Any CPU
		{EA595BD3-900E-493C-9894-040B1997792E}.Debug|x86.ActiveCfg = Debug|Any CPU
		{EA595BD3-900E-493C-9894-040B1997792E}.Debug|x86.Build.0 = Debug|Any CPU
		{EA595BD3-900E-493C-9894-040B1997792E}.Release|Any CPU.ActiveCfg = Release|Any CPU
		{EA595BD3-900E-493C-9894-040B1997792E}.Release|Any CPU.Build.0 = Release|Any CPU
		{EA595BD3-900E-493C-9894-040B1997792E}.Release|x64.ActiveCfg = Release|Any CPU
		{EA595BD3-900E-493C-9894-040B1997792E}.Release|x64.Build.0 = Release|Any CPU
		{EA595BD3-900E-493C-9894-040B1997792E}.Release|x86.ActiveCfg = Release|Any CPU
		{EA595BD3-900E-493C-9894-040B1997792E}.Release|x86.Build.0 = Release|Any CPU
		{51CF6D11-0E37-4D55-B300-DA0D770F168E}.Debug|Any CPU.ActiveCfg = Debug|Any CPU
		{51CF6D11-0E37-4D55-B300-DA0D770F168E}.Debug|Any CPU.Build.0 = Debug|Any CPU
		{51CF6D11-0E37-4D55-B300-DA0D770F168E}.Debug|x64.ActiveCfg = Debug|Any CPU
		{51CF6D11-0E37-4D55-B300-DA0D770F168E}.Debug|x64.Build.0 = Debug|Any CPU
		{51CF6D11-0E37-4D55-B300-DA0D770F168E}.Debug|x86.ActiveCfg = Debug|Any CPU
		{51CF6D11-0E37-4D55-B300-DA0D770F168E}.Debug|x86.Build.0 = Debug|Any CPU
		{51CF6D11-0E37-4D55-B300-DA0D770F168E}.Release|Any CPU.ActiveCfg = Release|Any CPU
		{51CF6D11-0E37-4D55-B300-DA0D770F168E}.Release|Any CPU.Build.0 = Release|Any CPU
		{51CF6D11-0E37-4D55-B300-DA0D770F168E}.Release|x64.ActiveCfg = Release|Any CPU
		{51CF6D11-0E37-4D55-B300-DA0D770F168E}.Release|x64.Build.0 = Release|Any CPU
		{51CF6D11-0E37-4D55-B300-DA0D770F168E}.Release|x86.ActiveCfg = Release|Any CPU
		{51CF6D11-0E37-4D55-B300-DA0D770F168E}.Release|x86.Build.0 = Release|Any CPU
		{D6734CFA-4455-4E53-8D3D-C212B706F5DB}.Debug|Any CPU.ActiveCfg = Debug|Any CPU
		{D6734CFA-4455-4E53-8D3D-C212B706F5DB}.Debug|Any CPU.Build.0 = Debug|Any CPU
		{D6734CFA-4455-4E53-8D3D-C212B706F5DB}.Debug|x64.ActiveCfg = Debug|Any CPU
		{D6734CFA-4455-4E53-8D3D-C212B706F5DB}.Debug|x64.Build.0 = Debug|Any CPU
		{D6734CFA-4455-4E53-8D3D-C212B706F5DB}.Debug|x86.ActiveCfg = Debug|Any CPU
		{D6734CFA-4455-4E53-8D3D-C212B706F5DB}.Debug|x86.Build.0 = Debug|Any CPU
		{D6734CFA-4455-4E53-8D3D-C212B706F5DB}.Release|Any CPU.ActiveCfg = Release|Any CPU
		{D6734CFA-4455-4E53-8D3D-C212B706F5DB}.Release|Any CPU.Build.0 = Release|Any CPU
		{D6734CFA-4455-4E53-8D3D-C212B706F5DB}.Release|x64.ActiveCfg = Release|Any CPU
		{D6734CFA-4455-4E53-8D3D-C212B706F5DB}.Release|x64.Build.0 = Release|Any CPU
		{D6734CFA-4455-4E53-8D3D-C212B706F5DB}.Release|x86.ActiveCfg = Release|Any CPU
		{D6734CFA-4455-4E53-8D3D-C212B706F5DB}.Release|x86.Build.0 = Release|Any CPU
		{A66696A6-2082-4340-83F9-71DB04BC97E1}.Debug|Any CPU.ActiveCfg = Debug|Any CPU
		{A66696A6-2082-4340-83F9-71DB04BC97E1}.Debug|Any CPU.Build.0 = Debug|Any CPU
		{A66696A6-2082-4340-83F9-71DB04BC97E1}.Debug|x64.ActiveCfg = Debug|Any CPU
		{A66696A6-2082-4340-83F9-71DB04BC97E1}.Debug|x64.Build.0 = Debug|Any CPU
		{A66696A6-2082-4340-83F9-71DB04BC97E1}.Debug|x86.ActiveCfg = Debug|Any CPU
		{A66696A6-2082-4340-83F9-71DB04BC97E1}.Debug|x86.Build.0 = Debug|Any CPU
		{A66696A6-2082-4340-83F9-71DB04BC97E1}.Release|Any CPU.ActiveCfg = Release|Any CPU
		{A66696A6-2082-4340-83F9-71DB04BC97E1}.Release|Any CPU.Build.0 = Release|Any CPU
		{A66696A6-2082-4340-83F9-71DB04BC97E1}.Release|x64.ActiveCfg = Release|Any CPU
		{A66696A6-2082-4340-83F9-71DB04BC97E1}.Release|x64.Build.0 = Release|Any CPU
		{A66696A6-2082-4340-83F9-71DB04BC97E1}.Release|x86.ActiveCfg = Release|Any CPU
		{A66696A6-2082-4340-83F9-71DB04BC97E1}.Release|x86.Build.0 = Release|Any CPU
		{E33A8993-9CAA-4125-93D9-2D6853953CD1}.Debug|Any CPU.ActiveCfg = Debug|Any CPU
		{E33A8993-9CAA-4125-93D9-2D6853953CD1}.Debug|Any CPU.Build.0 = Debug|Any CPU
		{E33A8993-9CAA-4125-93D9-2D6853953CD1}.Debug|x64.ActiveCfg = Debug|Any CPU
		{E33A8993-9CAA-4125-93D9-2D6853953CD1}.Debug|x64.Build.0 = Debug|Any CPU
		{E33A8993-9CAA-4125-93D9-2D6853953CD1}.Debug|x86.ActiveCfg = Debug|Any CPU
		{E33A8993-9CAA-4125-93D9-2D6853953CD1}.Debug|x86.Build.0 = Debug|Any CPU
		{E33A8993-9CAA-4125-93D9-2D6853953CD1}.Release|Any CPU.ActiveCfg = Release|Any CPU
		{E33A8993-9CAA-4125-93D9-2D6853953CD1}.Release|Any CPU.Build.0 = Release|Any CPU
		{E33A8993-9CAA-4125-93D9-2D6853953CD1}.Release|x64.ActiveCfg = Release|Any CPU
		{E33A8993-9CAA-4125-93D9-2D6853953CD1}.Release|x64.Build.0 = Release|Any CPU
		{E33A8993-9CAA-4125-93D9-2D6853953CD1}.Release|x86.ActiveCfg = Release|Any CPU
		{E33A8993-9CAA-4125-93D9-2D6853953CD1}.Release|x86.Build.0 = Release|Any CPU
		{F4AD300A-4ACF-4AA7-BD80-506386F33298}.Debug|Any CPU.ActiveCfg = Debug|Any CPU
		{F4AD300A-4ACF-4AA7-BD80-506386F33298}.Debug|Any CPU.Build.0 = Debug|Any CPU
		{F4AD300A-4ACF-4AA7-BD80-506386F33298}.Debug|x64.ActiveCfg = Debug|Any CPU
		{F4AD300A-4ACF-4AA7-BD80-506386F33298}.Debug|x64.Build.0 = Debug|Any CPU
		{F4AD300A-4ACF-4AA7-BD80-506386F33298}.Debug|x86.ActiveCfg = Debug|Any CPU
		{F4AD300A-4ACF-4AA7-BD80-506386F33298}.Debug|x86.Build.0 = Debug|Any CPU
		{F4AD300A-4ACF-4AA7-BD80-506386F33298}.Release|Any CPU.ActiveCfg = Release|Any CPU
		{F4AD300A-4ACF-4AA7-BD80-506386F33298}.Release|Any CPU.Build.0 = Release|Any CPU
		{F4AD300A-4ACF-4AA7-BD80-506386F33298}.Release|x64.ActiveCfg = Release|Any CPU
		{F4AD300A-4ACF-4AA7-BD80-506386F33298}.Release|x64.Build.0 = Release|Any CPU
		{F4AD300A-4ACF-4AA7-BD80-506386F33298}.Release|x86.ActiveCfg = Release|Any CPU
		{F4AD300A-4ACF-4AA7-BD80-506386F33298}.Release|x86.Build.0 = Release|Any CPU
		{C1AA3142-5CDA-4CE4-8F6B-5AF81074D8CF}.Debug|Any CPU.ActiveCfg = Debug|Any CPU
		{C1AA3142-5CDA-4CE4-8F6B-5AF81074D8CF}.Debug|Any CPU.Build.0 = Debug|Any CPU
		{C1AA3142-5CDA-4CE4-8F6B-5AF81074D8CF}.Debug|x64.ActiveCfg = Debug|Any CPU
		{C1AA3142-5CDA-4CE4-8F6B-5AF81074D8CF}.Debug|x64.Build.0 = Debug|Any CPU
		{C1AA3142-5CDA-4CE4-8F6B-5AF81074D8CF}.Debug|x86.ActiveCfg = Debug|Any CPU
		{C1AA3142-5CDA-4CE4-8F6B-5AF81074D8CF}.Debug|x86.Build.0 = Debug|Any CPU
		{C1AA3142-5CDA-4CE4-8F6B-5AF81074D8CF}.Release|Any CPU.ActiveCfg = Release|Any CPU
		{C1AA3142-5CDA-4CE4-8F6B-5AF81074D8CF}.Release|Any CPU.Build.0 = Release|Any CPU
		{C1AA3142-5CDA-4CE4-8F6B-5AF81074D8CF}.Release|x64.ActiveCfg = Release|Any CPU
		{C1AA3142-5CDA-4CE4-8F6B-5AF81074D8CF}.Release|x64.Build.0 = Release|Any CPU
		{C1AA3142-5CDA-4CE4-8F6B-5AF81074D8CF}.Release|x86.ActiveCfg = Release|Any CPU
		{C1AA3142-5CDA-4CE4-8F6B-5AF81074D8CF}.Release|x86.Build.0 = Release|Any CPU
		{BD65AADB-FBCF-4B06-A937-5F2103DB48C9}.Debug|Any CPU.ActiveCfg = Debug|Any CPU
		{BD65AADB-FBCF-4B06-A937-5F2103DB48C9}.Debug|Any CPU.Build.0 = Debug|Any CPU
		{BD65AADB-FBCF-4B06-A937-5F2103DB48C9}.Debug|x64.ActiveCfg = Debug|Any CPU
		{BD65AADB-FBCF-4B06-A937-5F2103DB48C9}.Debug|x64.Build.0 = Debug|Any CPU
		{BD65AADB-FBCF-4B06-A937-5F2103DB48C9}.Debug|x86.ActiveCfg = Debug|Any CPU
		{BD65AADB-FBCF-4B06-A937-5F2103DB48C9}.Debug|x86.Build.0 = Debug|Any CPU
		{BD65AADB-FBCF-4B06-A937-5F2103DB48C9}.Release|Any CPU.ActiveCfg = Release|Any CPU
		{BD65AADB-FBCF-4B06-A937-5F2103DB48C9}.Release|Any CPU.Build.0 = Release|Any CPU
		{BD65AADB-FBCF-4B06-A937-5F2103DB48C9}.Release|x64.ActiveCfg = Release|Any CPU
		{BD65AADB-FBCF-4B06-A937-5F2103DB48C9}.Release|x64.Build.0 = Release|Any CPU
		{BD65AADB-FBCF-4B06-A937-5F2103DB48C9}.Release|x86.ActiveCfg = Release|Any CPU
		{BD65AADB-FBCF-4B06-A937-5F2103DB48C9}.Release|x86.Build.0 = Release|Any CPU
		{C911B15D-ABF6-4304-842F-EA086FC814A5}.Debug|Any CPU.ActiveCfg = Debug|Any CPU
		{C911B15D-ABF6-4304-842F-EA086FC814A5}.Debug|Any CPU.Build.0 = Debug|Any CPU
		{C911B15D-ABF6-4304-842F-EA086FC814A5}.Debug|x64.ActiveCfg = Debug|Any CPU
		{C911B15D-ABF6-4304-842F-EA086FC814A5}.Debug|x64.Build.0 = Debug|Any CPU
		{C911B15D-ABF6-4304-842F-EA086FC814A5}.Debug|x86.ActiveCfg = Debug|Any CPU
		{C911B15D-ABF6-4304-842F-EA086FC814A5}.Debug|x86.Build.0 = Debug|Any CPU
		{C911B15D-ABF6-4304-842F-EA086FC814A5}.Release|Any CPU.ActiveCfg = Release|Any CPU
		{C911B15D-ABF6-4304-842F-EA086FC814A5}.Release|Any CPU.Build.0 = Release|Any CPU
		{C911B15D-ABF6-4304-842F-EA086FC814A5}.Release|x64.ActiveCfg = Release|Any CPU
		{C911B15D-ABF6-4304-842F-EA086FC814A5}.Release|x64.Build.0 = Release|Any CPU
		{C911B15D-ABF6-4304-842F-EA086FC814A5}.Release|x86.ActiveCfg = Release|Any CPU
		{C911B15D-ABF6-4304-842F-EA086FC814A5}.Release|x86.Build.0 = Release|Any CPU
		{34CD743E-9054-4BE8-A226-762105BB4A56}.Debug|Any CPU.ActiveCfg = Debug|Any CPU
		{34CD743E-9054-4BE8-A226-762105BB4A56}.Debug|Any CPU.Build.0 = Debug|Any CPU
		{34CD743E-9054-4BE8-A226-762105BB4A56}.Debug|x64.ActiveCfg = Debug|Any CPU
		{34CD743E-9054-4BE8-A226-762105BB4A56}.Debug|x64.Build.0 = Debug|Any CPU
		{34CD743E-9054-4BE8-A226-762105BB4A56}.Debug|x86.ActiveCfg = Debug|Any CPU
		{34CD743E-9054-4BE8-A226-762105BB4A56}.Debug|x86.Build.0 = Debug|Any CPU
		{34CD743E-9054-4BE8-A226-762105BB4A56}.Release|Any CPU.ActiveCfg = Release|Any CPU
		{34CD743E-9054-4BE8-A226-762105BB4A56}.Release|Any CPU.Build.0 = Release|Any CPU
		{34CD743E-9054-4BE8-A226-762105BB4A56}.Release|x64.ActiveCfg = Release|Any CPU
		{34CD743E-9054-4BE8-A226-762105BB4A56}.Release|x64.Build.0 = Release|Any CPU
		{34CD743E-9054-4BE8-A226-762105BB4A56}.Release|x86.ActiveCfg = Release|Any CPU
		{34CD743E-9054-4BE8-A226-762105BB4A56}.Release|x86.Build.0 = Release|Any CPU
		{DF8242F6-8A34-4EAB-B31A-0DDFFA3427B0}.Debug|Any CPU.ActiveCfg = Debug|Any CPU
		{DF8242F6-8A34-4EAB-B31A-0DDFFA3427B0}.Debug|Any CPU.Build.0 = Debug|Any CPU
		{DF8242F6-8A34-4EAB-B31A-0DDFFA3427B0}.Debug|x64.ActiveCfg = Debug|Any CPU
		{DF8242F6-8A34-4EAB-B31A-0DDFFA3427B0}.Debug|x64.Build.0 = Debug|Any CPU
		{DF8242F6-8A34-4EAB-B31A-0DDFFA3427B0}.Debug|x86.ActiveCfg = Debug|Any CPU
		{DF8242F6-8A34-4EAB-B31A-0DDFFA3427B0}.Debug|x86.Build.0 = Debug|Any CPU
		{DF8242F6-8A34-4EAB-B31A-0DDFFA3427B0}.Release|Any CPU.ActiveCfg = Release|Any CPU
		{DF8242F6-8A34-4EAB-B31A-0DDFFA3427B0}.Release|Any CPU.Build.0 = Release|Any CPU
		{DF8242F6-8A34-4EAB-B31A-0DDFFA3427B0}.Release|x64.ActiveCfg = Release|Any CPU
		{DF8242F6-8A34-4EAB-B31A-0DDFFA3427B0}.Release|x64.Build.0 = Release|Any CPU
		{DF8242F6-8A34-4EAB-B31A-0DDFFA3427B0}.Release|x86.ActiveCfg = Release|Any CPU
		{DF8242F6-8A34-4EAB-B31A-0DDFFA3427B0}.Release|x86.Build.0 = Release|Any CPU
		{FC675215-0B55-428D-9EA9-B66248047738}.Debug|Any CPU.ActiveCfg = Debug|Any CPU
		{FC675215-0B55-428D-9EA9-B66248047738}.Debug|Any CPU.Build.0 = Debug|Any CPU
		{FC675215-0B55-428D-9EA9-B66248047738}.Debug|x64.ActiveCfg = Debug|Any CPU
		{FC675215-0B55-428D-9EA9-B66248047738}.Debug|x64.Build.0 = Debug|Any CPU
		{FC675215-0B55-428D-9EA9-B66248047738}.Debug|x86.ActiveCfg = Debug|Any CPU
		{FC675215-0B55-428D-9EA9-B66248047738}.Debug|x86.Build.0 = Debug|Any CPU
		{FC675215-0B55-428D-9EA9-B66248047738}.Release|Any CPU.ActiveCfg = Release|Any CPU
		{FC675215-0B55-428D-9EA9-B66248047738}.Release|Any CPU.Build.0 = Release|Any CPU
		{FC675215-0B55-428D-9EA9-B66248047738}.Release|x64.ActiveCfg = Release|Any CPU
		{FC675215-0B55-428D-9EA9-B66248047738}.Release|x64.Build.0 = Release|Any CPU
		{FC675215-0B55-428D-9EA9-B66248047738}.Release|x86.ActiveCfg = Release|Any CPU
		{FC675215-0B55-428D-9EA9-B66248047738}.Release|x86.Build.0 = Release|Any CPU
		{C55BE91C-AA36-4269-B10D-F5CD731DEB96}.Debug|Any CPU.ActiveCfg = Debug|Any CPU
		{C55BE91C-AA36-4269-B10D-F5CD731DEB96}.Debug|Any CPU.Build.0 = Debug|Any CPU
		{C55BE91C-AA36-4269-B10D-F5CD731DEB96}.Debug|x64.ActiveCfg = Debug|Any CPU
		{C55BE91C-AA36-4269-B10D-F5CD731DEB96}.Debug|x64.Build.0 = Debug|Any CPU
		{C55BE91C-AA36-4269-B10D-F5CD731DEB96}.Debug|x86.ActiveCfg = Debug|Any CPU
		{C55BE91C-AA36-4269-B10D-F5CD731DEB96}.Debug|x86.Build.0 = Debug|Any CPU
		{C55BE91C-AA36-4269-B10D-F5CD731DEB96}.Release|Any CPU.ActiveCfg = Release|Any CPU
		{C55BE91C-AA36-4269-B10D-F5CD731DEB96}.Release|Any CPU.Build.0 = Release|Any CPU
		{C55BE91C-AA36-4269-B10D-F5CD731DEB96}.Release|x64.ActiveCfg = Release|Any CPU
		{C55BE91C-AA36-4269-B10D-F5CD731DEB96}.Release|x64.Build.0 = Release|Any CPU
		{C55BE91C-AA36-4269-B10D-F5CD731DEB96}.Release|x86.ActiveCfg = Release|Any CPU
		{C55BE91C-AA36-4269-B10D-F5CD731DEB96}.Release|x86.Build.0 = Release|Any CPU
		{D48EFDD2-0CC2-402C-9561-4E93297A7AB0}.Debug|Any CPU.ActiveCfg = Debug|Any CPU
		{D48EFDD2-0CC2-402C-9561-4E93297A7AB0}.Debug|Any CPU.Build.0 = Debug|Any CPU
		{D48EFDD2-0CC2-402C-9561-4E93297A7AB0}.Debug|x64.ActiveCfg = Debug|Any CPU
		{D48EFDD2-0CC2-402C-9561-4E93297A7AB0}.Debug|x64.Build.0 = Debug|Any CPU
		{D48EFDD2-0CC2-402C-9561-4E93297A7AB0}.Debug|x86.ActiveCfg = Debug|Any CPU
		{D48EFDD2-0CC2-402C-9561-4E93297A7AB0}.Debug|x86.Build.0 = Debug|Any CPU
		{D48EFDD2-0CC2-402C-9561-4E93297A7AB0}.Release|Any CPU.ActiveCfg = Release|Any CPU
		{D48EFDD2-0CC2-402C-9561-4E93297A7AB0}.Release|Any CPU.Build.0 = Release|Any CPU
		{D48EFDD2-0CC2-402C-9561-4E93297A7AB0}.Release|x64.ActiveCfg = Release|Any CPU
		{D48EFDD2-0CC2-402C-9561-4E93297A7AB0}.Release|x64.Build.0 = Release|Any CPU
		{D48EFDD2-0CC2-402C-9561-4E93297A7AB0}.Release|x86.ActiveCfg = Release|Any CPU
		{D48EFDD2-0CC2-402C-9561-4E93297A7AB0}.Release|x86.Build.0 = Release|Any CPU
		{0C7DF24E-2BB4-46E0-BBD3-A6F71F906479}.Debug|Any CPU.ActiveCfg = Debug|Any CPU
		{0C7DF24E-2BB4-46E0-BBD3-A6F71F906479}.Debug|Any CPU.Build.0 = Debug|Any CPU
		{0C7DF24E-2BB4-46E0-BBD3-A6F71F906479}.Debug|x64.ActiveCfg = Debug|Any CPU
		{0C7DF24E-2BB4-46E0-BBD3-A6F71F906479}.Debug|x64.Build.0 = Debug|Any CPU
		{0C7DF24E-2BB4-46E0-BBD3-A6F71F906479}.Debug|x86.ActiveCfg = Debug|Any CPU
		{0C7DF24E-2BB4-46E0-BBD3-A6F71F906479}.Debug|x86.Build.0 = Debug|Any CPU
		{0C7DF24E-2BB4-46E0-BBD3-A6F71F906479}.Release|Any CPU.ActiveCfg = Release|Any CPU
		{0C7DF24E-2BB4-46E0-BBD3-A6F71F906479}.Release|Any CPU.Build.0 = Release|Any CPU
		{0C7DF24E-2BB4-46E0-BBD3-A6F71F906479}.Release|x64.ActiveCfg = Release|Any CPU
		{0C7DF24E-2BB4-46E0-BBD3-A6F71F906479}.Release|x64.Build.0 = Release|Any CPU
		{0C7DF24E-2BB4-46E0-BBD3-A6F71F906479}.Release|x86.ActiveCfg = Release|Any CPU
		{0C7DF24E-2BB4-46E0-BBD3-A6F71F906479}.Release|x86.Build.0 = Release|Any CPU
		{51A3A3CA-5221-45C8-B39D-795F62651C19}.Debug|Any CPU.ActiveCfg = Debug|Any CPU
		{51A3A3CA-5221-45C8-B39D-795F62651C19}.Debug|Any CPU.Build.0 = Debug|Any CPU
		{51A3A3CA-5221-45C8-B39D-795F62651C19}.Debug|x64.ActiveCfg = Debug|Any CPU
		{51A3A3CA-5221-45C8-B39D-795F62651C19}.Debug|x64.Build.0 = Debug|Any CPU
		{51A3A3CA-5221-45C8-B39D-795F62651C19}.Debug|x86.ActiveCfg = Debug|Any CPU
		{51A3A3CA-5221-45C8-B39D-795F62651C19}.Debug|x86.Build.0 = Debug|Any CPU
		{51A3A3CA-5221-45C8-B39D-795F62651C19}.Release|Any CPU.ActiveCfg = Release|Any CPU
		{51A3A3CA-5221-45C8-B39D-795F62651C19}.Release|Any CPU.Build.0 = Release|Any CPU
		{51A3A3CA-5221-45C8-B39D-795F62651C19}.Release|x64.ActiveCfg = Release|Any CPU
		{51A3A3CA-5221-45C8-B39D-795F62651C19}.Release|x64.Build.0 = Release|Any CPU
		{51A3A3CA-5221-45C8-B39D-795F62651C19}.Release|x86.ActiveCfg = Release|Any CPU
		{51A3A3CA-5221-45C8-B39D-795F62651C19}.Release|x86.Build.0 = Release|Any CPU
		{F42283E1-69AF-4356-925C-05C5F0F67178}.Debug|Any CPU.ActiveCfg = Debug|Any CPU
		{F42283E1-69AF-4356-925C-05C5F0F67178}.Debug|Any CPU.Build.0 = Debug|Any CPU
		{F42283E1-69AF-4356-925C-05C5F0F67178}.Debug|x64.ActiveCfg = Debug|Any CPU
		{F42283E1-69AF-4356-925C-05C5F0F67178}.Debug|x64.Build.0 = Debug|Any CPU
		{F42283E1-69AF-4356-925C-05C5F0F67178}.Debug|x86.ActiveCfg = Debug|Any CPU
		{F42283E1-69AF-4356-925C-05C5F0F67178}.Debug|x86.Build.0 = Debug|Any CPU
		{F42283E1-69AF-4356-925C-05C5F0F67178}.Release|Any CPU.ActiveCfg = Release|Any CPU
		{F42283E1-69AF-4356-925C-05C5F0F67178}.Release|Any CPU.Build.0 = Release|Any CPU
		{F42283E1-69AF-4356-925C-05C5F0F67178}.Release|x64.ActiveCfg = Release|Any CPU
		{F42283E1-69AF-4356-925C-05C5F0F67178}.Release|x64.Build.0 = Release|Any CPU
		{F42283E1-69AF-4356-925C-05C5F0F67178}.Release|x86.ActiveCfg = Release|Any CPU
		{F42283E1-69AF-4356-925C-05C5F0F67178}.Release|x86.Build.0 = Release|Any CPU
		{4F557174-B0A8-46B3-B6DE-E9F7B118BE1B}.Debug|Any CPU.ActiveCfg = Debug|Any CPU
		{4F557174-B0A8-46B3-B6DE-E9F7B118BE1B}.Debug|Any CPU.Build.0 = Debug|Any CPU
		{4F557174-B0A8-46B3-B6DE-E9F7B118BE1B}.Debug|x64.ActiveCfg = Debug|Any CPU
		{4F557174-B0A8-46B3-B6DE-E9F7B118BE1B}.Debug|x64.Build.0 = Debug|Any CPU
		{4F557174-B0A8-46B3-B6DE-E9F7B118BE1B}.Debug|x86.ActiveCfg = Debug|Any CPU
		{4F557174-B0A8-46B3-B6DE-E9F7B118BE1B}.Debug|x86.Build.0 = Debug|Any CPU
		{4F557174-B0A8-46B3-B6DE-E9F7B118BE1B}.Release|Any CPU.ActiveCfg = Release|Any CPU
		{4F557174-B0A8-46B3-B6DE-E9F7B118BE1B}.Release|Any CPU.Build.0 = Release|Any CPU
		{4F557174-B0A8-46B3-B6DE-E9F7B118BE1B}.Release|x64.ActiveCfg = Release|Any CPU
		{4F557174-B0A8-46B3-B6DE-E9F7B118BE1B}.Release|x64.Build.0 = Release|Any CPU
		{4F557174-B0A8-46B3-B6DE-E9F7B118BE1B}.Release|x86.ActiveCfg = Release|Any CPU
		{4F557174-B0A8-46B3-B6DE-E9F7B118BE1B}.Release|x86.Build.0 = Release|Any CPU
		{69205EA9-9307-4ECF-AB8B-8B3DE40533BE}.Debug|Any CPU.ActiveCfg = Debug|Any CPU
		{69205EA9-9307-4ECF-AB8B-8B3DE40533BE}.Debug|Any CPU.Build.0 = Debug|Any CPU
		{69205EA9-9307-4ECF-AB8B-8B3DE40533BE}.Debug|x64.ActiveCfg = Debug|Any CPU
		{69205EA9-9307-4ECF-AB8B-8B3DE40533BE}.Debug|x64.Build.0 = Debug|Any CPU
		{69205EA9-9307-4ECF-AB8B-8B3DE40533BE}.Debug|x86.ActiveCfg = Debug|Any CPU
		{69205EA9-9307-4ECF-AB8B-8B3DE40533BE}.Debug|x86.Build.0 = Debug|Any CPU
		{69205EA9-9307-4ECF-AB8B-8B3DE40533BE}.Release|Any CPU.ActiveCfg = Release|Any CPU
		{69205EA9-9307-4ECF-AB8B-8B3DE40533BE}.Release|Any CPU.Build.0 = Release|Any CPU
		{69205EA9-9307-4ECF-AB8B-8B3DE40533BE}.Release|x64.ActiveCfg = Release|Any CPU
		{69205EA9-9307-4ECF-AB8B-8B3DE40533BE}.Release|x64.Build.0 = Release|Any CPU
		{69205EA9-9307-4ECF-AB8B-8B3DE40533BE}.Release|x86.ActiveCfg = Release|Any CPU
		{69205EA9-9307-4ECF-AB8B-8B3DE40533BE}.Release|x86.Build.0 = Release|Any CPU
		{A7FE0268-088C-46C0-8D67-9F01C3ABBEE0}.Debug|Any CPU.ActiveCfg = Debug|Any CPU
		{A7FE0268-088C-46C0-8D67-9F01C3ABBEE0}.Debug|Any CPU.Build.0 = Debug|Any CPU
		{A7FE0268-088C-46C0-8D67-9F01C3ABBEE0}.Debug|x64.ActiveCfg = Debug|Any CPU
		{A7FE0268-088C-46C0-8D67-9F01C3ABBEE0}.Debug|x64.Build.0 = Debug|Any CPU
		{A7FE0268-088C-46C0-8D67-9F01C3ABBEE0}.Debug|x86.ActiveCfg = Debug|Any CPU
		{A7FE0268-088C-46C0-8D67-9F01C3ABBEE0}.Debug|x86.Build.0 = Debug|Any CPU
		{A7FE0268-088C-46C0-8D67-9F01C3ABBEE0}.Release|Any CPU.ActiveCfg = Release|Any CPU
		{A7FE0268-088C-46C0-8D67-9F01C3ABBEE0}.Release|Any CPU.Build.0 = Release|Any CPU
		{A7FE0268-088C-46C0-8D67-9F01C3ABBEE0}.Release|x64.ActiveCfg = Release|Any CPU
		{A7FE0268-088C-46C0-8D67-9F01C3ABBEE0}.Release|x64.Build.0 = Release|Any CPU
		{A7FE0268-088C-46C0-8D67-9F01C3ABBEE0}.Release|x86.ActiveCfg = Release|Any CPU
		{A7FE0268-088C-46C0-8D67-9F01C3ABBEE0}.Release|x86.Build.0 = Release|Any CPU
		{7304C3AE-B7C5-4204-8184-DD837FD2D487}.Debug|Any CPU.ActiveCfg = Debug|Any CPU
		{7304C3AE-B7C5-4204-8184-DD837FD2D487}.Debug|Any CPU.Build.0 = Debug|Any CPU
		{7304C3AE-B7C5-4204-8184-DD837FD2D487}.Debug|x64.ActiveCfg = Debug|Any CPU
		{7304C3AE-B7C5-4204-8184-DD837FD2D487}.Debug|x64.Build.0 = Debug|Any CPU
		{7304C3AE-B7C5-4204-8184-DD837FD2D487}.Debug|x86.ActiveCfg = Debug|Any CPU
		{7304C3AE-B7C5-4204-8184-DD837FD2D487}.Debug|x86.Build.0 = Debug|Any CPU
		{7304C3AE-B7C5-4204-8184-DD837FD2D487}.Release|Any CPU.ActiveCfg = Release|Any CPU
		{7304C3AE-B7C5-4204-8184-DD837FD2D487}.Release|Any CPU.Build.0 = Release|Any CPU
		{7304C3AE-B7C5-4204-8184-DD837FD2D487}.Release|x64.ActiveCfg = Release|Any CPU
		{7304C3AE-B7C5-4204-8184-DD837FD2D487}.Release|x64.Build.0 = Release|Any CPU
		{7304C3AE-B7C5-4204-8184-DD837FD2D487}.Release|x86.ActiveCfg = Release|Any CPU
		{7304C3AE-B7C5-4204-8184-DD837FD2D487}.Release|x86.Build.0 = Release|Any CPU
		{C57D2E66-F8A7-4C44-AE32-D350B48ACFB6}.Debug|Any CPU.ActiveCfg = Debug|Any CPU
		{C57D2E66-F8A7-4C44-AE32-D350B48ACFB6}.Debug|Any CPU.Build.0 = Debug|Any CPU
		{C57D2E66-F8A7-4C44-AE32-D350B48ACFB6}.Debug|x64.ActiveCfg = Debug|Any CPU
		{C57D2E66-F8A7-4C44-AE32-D350B48ACFB6}.Debug|x64.Build.0 = Debug|Any CPU
		{C57D2E66-F8A7-4C44-AE32-D350B48ACFB6}.Debug|x86.ActiveCfg = Debug|Any CPU
		{C57D2E66-F8A7-4C44-AE32-D350B48ACFB6}.Debug|x86.Build.0 = Debug|Any CPU
		{C57D2E66-F8A7-4C44-AE32-D350B48ACFB6}.Release|Any CPU.ActiveCfg = Release|Any CPU
		{C57D2E66-F8A7-4C44-AE32-D350B48ACFB6}.Release|Any CPU.Build.0 = Release|Any CPU
		{C57D2E66-F8A7-4C44-AE32-D350B48ACFB6}.Release|x64.ActiveCfg = Release|Any CPU
		{C57D2E66-F8A7-4C44-AE32-D350B48ACFB6}.Release|x64.Build.0 = Release|Any CPU
		{C57D2E66-F8A7-4C44-AE32-D350B48ACFB6}.Release|x86.ActiveCfg = Release|Any CPU
		{C57D2E66-F8A7-4C44-AE32-D350B48ACFB6}.Release|x86.Build.0 = Release|Any CPU
		{14B739FD-7001-48F5-8B7B-4E5AFB9B0B56}.Debug|Any CPU.ActiveCfg = Debug|Any CPU
		{14B739FD-7001-48F5-8B7B-4E5AFB9B0B56}.Debug|Any CPU.Build.0 = Debug|Any CPU
		{14B739FD-7001-48F5-8B7B-4E5AFB9B0B56}.Debug|x64.ActiveCfg = Debug|Any CPU
		{14B739FD-7001-48F5-8B7B-4E5AFB9B0B56}.Debug|x64.Build.0 = Debug|Any CPU
		{14B739FD-7001-48F5-8B7B-4E5AFB9B0B56}.Debug|x86.ActiveCfg = Debug|Any CPU
		{14B739FD-7001-48F5-8B7B-4E5AFB9B0B56}.Debug|x86.Build.0 = Debug|Any CPU
		{14B739FD-7001-48F5-8B7B-4E5AFB9B0B56}.Release|Any CPU.ActiveCfg = Release|Any CPU
		{14B739FD-7001-48F5-8B7B-4E5AFB9B0B56}.Release|Any CPU.Build.0 = Release|Any CPU
		{14B739FD-7001-48F5-8B7B-4E5AFB9B0B56}.Release|x64.ActiveCfg = Release|Any CPU
		{14B739FD-7001-48F5-8B7B-4E5AFB9B0B56}.Release|x64.Build.0 = Release|Any CPU
		{14B739FD-7001-48F5-8B7B-4E5AFB9B0B56}.Release|x86.ActiveCfg = Release|Any CPU
		{14B739FD-7001-48F5-8B7B-4E5AFB9B0B56}.Release|x86.Build.0 = Release|Any CPU
		{3EE5D306-12E0-4994-B0EA-7A3B617B7514}.Debug|Any CPU.ActiveCfg = Debug|Any CPU
		{3EE5D306-12E0-4994-B0EA-7A3B617B7514}.Debug|Any CPU.Build.0 = Debug|Any CPU
		{3EE5D306-12E0-4994-B0EA-7A3B617B7514}.Debug|x64.ActiveCfg = Debug|Any CPU
		{3EE5D306-12E0-4994-B0EA-7A3B617B7514}.Debug|x64.Build.0 = Debug|Any CPU
		{3EE5D306-12E0-4994-B0EA-7A3B617B7514}.Debug|x86.ActiveCfg = Debug|Any CPU
		{3EE5D306-12E0-4994-B0EA-7A3B617B7514}.Debug|x86.Build.0 = Debug|Any CPU
		{3EE5D306-12E0-4994-B0EA-7A3B617B7514}.Release|Any CPU.ActiveCfg = Release|Any CPU
		{3EE5D306-12E0-4994-B0EA-7A3B617B7514}.Release|Any CPU.Build.0 = Release|Any CPU
		{3EE5D306-12E0-4994-B0EA-7A3B617B7514}.Release|x64.ActiveCfg = Release|Any CPU
		{3EE5D306-12E0-4994-B0EA-7A3B617B7514}.Release|x64.Build.0 = Release|Any CPU
		{3EE5D306-12E0-4994-B0EA-7A3B617B7514}.Release|x86.ActiveCfg = Release|Any CPU
		{3EE5D306-12E0-4994-B0EA-7A3B617B7514}.Release|x86.Build.0 = Release|Any CPU
		{A7C3DA44-68E2-4EBF-9FE9-990CD574867A}.Debug|Any CPU.ActiveCfg = Debug|Any CPU
		{A7C3DA44-68E2-4EBF-9FE9-990CD574867A}.Debug|Any CPU.Build.0 = Debug|Any CPU
		{A7C3DA44-68E2-4EBF-9FE9-990CD574867A}.Debug|x64.ActiveCfg = Debug|Any CPU
		{A7C3DA44-68E2-4EBF-9FE9-990CD574867A}.Debug|x64.Build.0 = Debug|Any CPU
		{A7C3DA44-68E2-4EBF-9FE9-990CD574867A}.Debug|x86.ActiveCfg = Debug|Any CPU
		{A7C3DA44-68E2-4EBF-9FE9-990CD574867A}.Debug|x86.Build.0 = Debug|Any CPU
		{A7C3DA44-68E2-4EBF-9FE9-990CD574867A}.Release|Any CPU.ActiveCfg = Release|Any CPU
		{A7C3DA44-68E2-4EBF-9FE9-990CD574867A}.Release|Any CPU.Build.0 = Release|Any CPU
		{A7C3DA44-68E2-4EBF-9FE9-990CD574867A}.Release|x64.ActiveCfg = Release|Any CPU
		{A7C3DA44-68E2-4EBF-9FE9-990CD574867A}.Release|x64.Build.0 = Release|Any CPU
		{A7C3DA44-68E2-4EBF-9FE9-990CD574867A}.Release|x86.ActiveCfg = Release|Any CPU
		{A7C3DA44-68E2-4EBF-9FE9-990CD574867A}.Release|x86.Build.0 = Release|Any CPU
		{D88B8D26-8DF1-4065-ACF5-15CC4F513E8D}.Debug|Any CPU.ActiveCfg = Debug|Any CPU
		{D88B8D26-8DF1-4065-ACF5-15CC4F513E8D}.Debug|Any CPU.Build.0 = Debug|Any CPU
		{D88B8D26-8DF1-4065-ACF5-15CC4F513E8D}.Debug|x64.ActiveCfg = Debug|Any CPU
		{D88B8D26-8DF1-4065-ACF5-15CC4F513E8D}.Debug|x64.Build.0 = Debug|Any CPU
		{D88B8D26-8DF1-4065-ACF5-15CC4F513E8D}.Debug|x86.ActiveCfg = Debug|Any CPU
		{D88B8D26-8DF1-4065-ACF5-15CC4F513E8D}.Debug|x86.Build.0 = Debug|Any CPU
		{D88B8D26-8DF1-4065-ACF5-15CC4F513E8D}.Release|Any CPU.ActiveCfg = Release|Any CPU
		{D88B8D26-8DF1-4065-ACF5-15CC4F513E8D}.Release|Any CPU.Build.0 = Release|Any CPU
		{D88B8D26-8DF1-4065-ACF5-15CC4F513E8D}.Release|x64.ActiveCfg = Release|Any CPU
		{D88B8D26-8DF1-4065-ACF5-15CC4F513E8D}.Release|x64.Build.0 = Release|Any CPU
		{D88B8D26-8DF1-4065-ACF5-15CC4F513E8D}.Release|x86.ActiveCfg = Release|Any CPU
		{D88B8D26-8DF1-4065-ACF5-15CC4F513E8D}.Release|x86.Build.0 = Release|Any CPU
		{F5B1C022-CD00-4CB7-8C78-784EF207F01A}.Debug|Any CPU.ActiveCfg = Debug|Any CPU
		{F5B1C022-CD00-4CB7-8C78-784EF207F01A}.Debug|Any CPU.Build.0 = Debug|Any CPU
		{F5B1C022-CD00-4CB7-8C78-784EF207F01A}.Debug|x64.ActiveCfg = Debug|Any CPU
		{F5B1C022-CD00-4CB7-8C78-784EF207F01A}.Debug|x64.Build.0 = Debug|Any CPU
		{F5B1C022-CD00-4CB7-8C78-784EF207F01A}.Debug|x86.ActiveCfg = Debug|Any CPU
		{F5B1C022-CD00-4CB7-8C78-784EF207F01A}.Debug|x86.Build.0 = Debug|Any CPU
		{F5B1C022-CD00-4CB7-8C78-784EF207F01A}.Release|Any CPU.ActiveCfg = Release|Any CPU
		{F5B1C022-CD00-4CB7-8C78-784EF207F01A}.Release|Any CPU.Build.0 = Release|Any CPU
		{F5B1C022-CD00-4CB7-8C78-784EF207F01A}.Release|x64.ActiveCfg = Release|Any CPU
		{F5B1C022-CD00-4CB7-8C78-784EF207F01A}.Release|x64.Build.0 = Release|Any CPU
		{F5B1C022-CD00-4CB7-8C78-784EF207F01A}.Release|x86.ActiveCfg = Release|Any CPU
		{F5B1C022-CD00-4CB7-8C78-784EF207F01A}.Release|x86.Build.0 = Release|Any CPU
		{92773F90-D18B-4FDA-A521-31124894BDB3}.Debug|Any CPU.ActiveCfg = Debug|Any CPU
		{92773F90-D18B-4FDA-A521-31124894BDB3}.Debug|Any CPU.Build.0 = Debug|Any CPU
		{92773F90-D18B-4FDA-A521-31124894BDB3}.Debug|x64.ActiveCfg = Debug|Any CPU
		{92773F90-D18B-4FDA-A521-31124894BDB3}.Debug|x64.Build.0 = Debug|Any CPU
		{92773F90-D18B-4FDA-A521-31124894BDB3}.Debug|x86.ActiveCfg = Debug|Any CPU
		{92773F90-D18B-4FDA-A521-31124894BDB3}.Debug|x86.Build.0 = Debug|Any CPU
		{92773F90-D18B-4FDA-A521-31124894BDB3}.Release|Any CPU.ActiveCfg = Release|Any CPU
		{92773F90-D18B-4FDA-A521-31124894BDB3}.Release|Any CPU.Build.0 = Release|Any CPU
		{92773F90-D18B-4FDA-A521-31124894BDB3}.Release|x64.ActiveCfg = Release|Any CPU
		{92773F90-D18B-4FDA-A521-31124894BDB3}.Release|x64.Build.0 = Release|Any CPU
		{92773F90-D18B-4FDA-A521-31124894BDB3}.Release|x86.ActiveCfg = Release|Any CPU
		{92773F90-D18B-4FDA-A521-31124894BDB3}.Release|x86.Build.0 = Release|Any CPU
		{41B4DC07-647F-41B4-896D-BB907D5C2899}.Debug|Any CPU.ActiveCfg = Debug|Any CPU
		{41B4DC07-647F-41B4-896D-BB907D5C2899}.Debug|Any CPU.Build.0 = Debug|Any CPU
		{41B4DC07-647F-41B4-896D-BB907D5C2899}.Debug|x64.ActiveCfg = Debug|Any CPU
		{41B4DC07-647F-41B4-896D-BB907D5C2899}.Debug|x64.Build.0 = Debug|Any CPU
		{41B4DC07-647F-41B4-896D-BB907D5C2899}.Debug|x86.ActiveCfg = Debug|Any CPU
		{41B4DC07-647F-41B4-896D-BB907D5C2899}.Debug|x86.Build.0 = Debug|Any CPU
		{41B4DC07-647F-41B4-896D-BB907D5C2899}.Release|Any CPU.ActiveCfg = Release|Any CPU
		{41B4DC07-647F-41B4-896D-BB907D5C2899}.Release|Any CPU.Build.0 = Release|Any CPU
		{41B4DC07-647F-41B4-896D-BB907D5C2899}.Release|x64.ActiveCfg = Release|Any CPU
		{41B4DC07-647F-41B4-896D-BB907D5C2899}.Release|x64.Build.0 = Release|Any CPU
		{41B4DC07-647F-41B4-896D-BB907D5C2899}.Release|x86.ActiveCfg = Release|Any CPU
		{41B4DC07-647F-41B4-896D-BB907D5C2899}.Release|x86.Build.0 = Release|Any CPU
		{62E20F0B-B038-4408-A67A-058007A5048A}.Debug|Any CPU.ActiveCfg = Debug|Any CPU
		{62E20F0B-B038-4408-A67A-058007A5048A}.Debug|Any CPU.Build.0 = Debug|Any CPU
		{62E20F0B-B038-4408-A67A-058007A5048A}.Debug|x64.ActiveCfg = Debug|Any CPU
		{62E20F0B-B038-4408-A67A-058007A5048A}.Debug|x64.Build.0 = Debug|Any CPU
		{62E20F0B-B038-4408-A67A-058007A5048A}.Debug|x86.ActiveCfg = Debug|Any CPU
		{62E20F0B-B038-4408-A67A-058007A5048A}.Debug|x86.Build.0 = Debug|Any CPU
		{62E20F0B-B038-4408-A67A-058007A5048A}.Release|Any CPU.ActiveCfg = Release|Any CPU
		{62E20F0B-B038-4408-A67A-058007A5048A}.Release|Any CPU.Build.0 = Release|Any CPU
		{62E20F0B-B038-4408-A67A-058007A5048A}.Release|x64.ActiveCfg = Release|Any CPU
		{62E20F0B-B038-4408-A67A-058007A5048A}.Release|x64.Build.0 = Release|Any CPU
		{62E20F0B-B038-4408-A67A-058007A5048A}.Release|x86.ActiveCfg = Release|Any CPU
		{62E20F0B-B038-4408-A67A-058007A5048A}.Release|x86.Build.0 = Release|Any CPU
		{79846EBB-5E3F-4FA7-A5FE-49BFC868ADFD}.Debug|Any CPU.ActiveCfg = Debug|Any CPU
		{79846EBB-5E3F-4FA7-A5FE-49BFC868ADFD}.Debug|Any CPU.Build.0 = Debug|Any CPU
		{79846EBB-5E3F-4FA7-A5FE-49BFC868ADFD}.Debug|x64.ActiveCfg = Debug|Any CPU
		{79846EBB-5E3F-4FA7-A5FE-49BFC868ADFD}.Debug|x64.Build.0 = Debug|Any CPU
		{79846EBB-5E3F-4FA7-A5FE-49BFC868ADFD}.Debug|x86.ActiveCfg = Debug|Any CPU
		{79846EBB-5E3F-4FA7-A5FE-49BFC868ADFD}.Debug|x86.Build.0 = Debug|Any CPU
		{79846EBB-5E3F-4FA7-A5FE-49BFC868ADFD}.Release|Any CPU.ActiveCfg = Release|Any CPU
		{79846EBB-5E3F-4FA7-A5FE-49BFC868ADFD}.Release|Any CPU.Build.0 = Release|Any CPU
		{79846EBB-5E3F-4FA7-A5FE-49BFC868ADFD}.Release|x64.ActiveCfg = Release|Any CPU
		{79846EBB-5E3F-4FA7-A5FE-49BFC868ADFD}.Release|x64.Build.0 = Release|Any CPU
		{79846EBB-5E3F-4FA7-A5FE-49BFC868ADFD}.Release|x86.ActiveCfg = Release|Any CPU
		{79846EBB-5E3F-4FA7-A5FE-49BFC868ADFD}.Release|x86.Build.0 = Release|Any CPU
		{582FCFD7-E7AA-4273-84DD-2059CF5F0173}.Debug|Any CPU.ActiveCfg = Debug|Any CPU
		{582FCFD7-E7AA-4273-84DD-2059CF5F0173}.Debug|Any CPU.Build.0 = Debug|Any CPU
		{582FCFD7-E7AA-4273-84DD-2059CF5F0173}.Debug|x64.ActiveCfg = Debug|Any CPU
		{582FCFD7-E7AA-4273-84DD-2059CF5F0173}.Debug|x64.Build.0 = Debug|Any CPU
		{582FCFD7-E7AA-4273-84DD-2059CF5F0173}.Debug|x86.ActiveCfg = Debug|Any CPU
		{582FCFD7-E7AA-4273-84DD-2059CF5F0173}.Debug|x86.Build.0 = Debug|Any CPU
		{582FCFD7-E7AA-4273-84DD-2059CF5F0173}.Release|Any CPU.ActiveCfg = Release|Any CPU
		{582FCFD7-E7AA-4273-84DD-2059CF5F0173}.Release|Any CPU.Build.0 = Release|Any CPU
		{582FCFD7-E7AA-4273-84DD-2059CF5F0173}.Release|x64.ActiveCfg = Release|Any CPU
		{582FCFD7-E7AA-4273-84DD-2059CF5F0173}.Release|x64.Build.0 = Release|Any CPU
		{582FCFD7-E7AA-4273-84DD-2059CF5F0173}.Release|x86.ActiveCfg = Release|Any CPU
		{582FCFD7-E7AA-4273-84DD-2059CF5F0173}.Release|x86.Build.0 = Release|Any CPU
		{202115FB-F48C-4FED-A61B-1351FD1DD7A5}.Debug|Any CPU.ActiveCfg = Debug|Any CPU
		{202115FB-F48C-4FED-A61B-1351FD1DD7A5}.Debug|Any CPU.Build.0 = Debug|Any CPU
		{202115FB-F48C-4FED-A61B-1351FD1DD7A5}.Debug|x64.ActiveCfg = Debug|Any CPU
		{202115FB-F48C-4FED-A61B-1351FD1DD7A5}.Debug|x64.Build.0 = Debug|Any CPU
		{202115FB-F48C-4FED-A61B-1351FD1DD7A5}.Debug|x86.ActiveCfg = Debug|Any CPU
		{202115FB-F48C-4FED-A61B-1351FD1DD7A5}.Debug|x86.Build.0 = Debug|Any CPU
		{202115FB-F48C-4FED-A61B-1351FD1DD7A5}.Release|Any CPU.ActiveCfg = Release|Any CPU
		{202115FB-F48C-4FED-A61B-1351FD1DD7A5}.Release|Any CPU.Build.0 = Release|Any CPU
		{202115FB-F48C-4FED-A61B-1351FD1DD7A5}.Release|x64.ActiveCfg = Release|Any CPU
		{202115FB-F48C-4FED-A61B-1351FD1DD7A5}.Release|x64.Build.0 = Release|Any CPU
		{202115FB-F48C-4FED-A61B-1351FD1DD7A5}.Release|x86.ActiveCfg = Release|Any CPU
		{202115FB-F48C-4FED-A61B-1351FD1DD7A5}.Release|x86.Build.0 = Release|Any CPU
		{2F4D5853-8D32-4E09-AA7F-73BB95798381}.Debug|Any CPU.ActiveCfg = Debug|Any CPU
		{2F4D5853-8D32-4E09-AA7F-73BB95798381}.Debug|Any CPU.Build.0 = Debug|Any CPU
		{2F4D5853-8D32-4E09-AA7F-73BB95798381}.Debug|x64.ActiveCfg = Debug|Any CPU
		{2F4D5853-8D32-4E09-AA7F-73BB95798381}.Debug|x64.Build.0 = Debug|Any CPU
		{2F4D5853-8D32-4E09-AA7F-73BB95798381}.Debug|x86.ActiveCfg = Debug|Any CPU
		{2F4D5853-8D32-4E09-AA7F-73BB95798381}.Debug|x86.Build.0 = Debug|Any CPU
		{2F4D5853-8D32-4E09-AA7F-73BB95798381}.Release|Any CPU.ActiveCfg = Release|Any CPU
		{2F4D5853-8D32-4E09-AA7F-73BB95798381}.Release|Any CPU.Build.0 = Release|Any CPU
		{2F4D5853-8D32-4E09-AA7F-73BB95798381}.Release|x64.ActiveCfg = Release|Any CPU
		{2F4D5853-8D32-4E09-AA7F-73BB95798381}.Release|x64.Build.0 = Release|Any CPU
		{2F4D5853-8D32-4E09-AA7F-73BB95798381}.Release|x86.ActiveCfg = Release|Any CPU
		{2F4D5853-8D32-4E09-AA7F-73BB95798381}.Release|x86.Build.0 = Release|Any CPU
		{14DF0778-4DB2-448C-8B51-AAF8AEE7F3D8}.Debug|Any CPU.ActiveCfg = Debug|Any CPU
		{14DF0778-4DB2-448C-8B51-AAF8AEE7F3D8}.Debug|Any CPU.Build.0 = Debug|Any CPU
		{14DF0778-4DB2-448C-8B51-AAF8AEE7F3D8}.Debug|x64.ActiveCfg = Debug|Any CPU
		{14DF0778-4DB2-448C-8B51-AAF8AEE7F3D8}.Debug|x64.Build.0 = Debug|Any CPU
		{14DF0778-4DB2-448C-8B51-AAF8AEE7F3D8}.Debug|x86.ActiveCfg = Debug|Any CPU
		{14DF0778-4DB2-448C-8B51-AAF8AEE7F3D8}.Debug|x86.Build.0 = Debug|Any CPU
		{14DF0778-4DB2-448C-8B51-AAF8AEE7F3D8}.Release|Any CPU.ActiveCfg = Release|Any CPU
		{14DF0778-4DB2-448C-8B51-AAF8AEE7F3D8}.Release|Any CPU.Build.0 = Release|Any CPU
		{14DF0778-4DB2-448C-8B51-AAF8AEE7F3D8}.Release|x64.ActiveCfg = Release|Any CPU
		{14DF0778-4DB2-448C-8B51-AAF8AEE7F3D8}.Release|x64.Build.0 = Release|Any CPU
		{14DF0778-4DB2-448C-8B51-AAF8AEE7F3D8}.Release|x86.ActiveCfg = Release|Any CPU
		{14DF0778-4DB2-448C-8B51-AAF8AEE7F3D8}.Release|x86.Build.0 = Release|Any CPU
		{8A0D0932-16CD-4647-A4CF-E6A67D27D8AD}.Debug|Any CPU.ActiveCfg = Debug|Any CPU
		{8A0D0932-16CD-4647-A4CF-E6A67D27D8AD}.Debug|Any CPU.Build.0 = Debug|Any CPU
		{8A0D0932-16CD-4647-A4CF-E6A67D27D8AD}.Debug|x64.ActiveCfg = Debug|Any CPU
		{8A0D0932-16CD-4647-A4CF-E6A67D27D8AD}.Debug|x64.Build.0 = Debug|Any CPU
		{8A0D0932-16CD-4647-A4CF-E6A67D27D8AD}.Debug|x86.ActiveCfg = Debug|Any CPU
		{8A0D0932-16CD-4647-A4CF-E6A67D27D8AD}.Debug|x86.Build.0 = Debug|Any CPU
		{8A0D0932-16CD-4647-A4CF-E6A67D27D8AD}.Release|Any CPU.ActiveCfg = Release|Any CPU
		{8A0D0932-16CD-4647-A4CF-E6A67D27D8AD}.Release|Any CPU.Build.0 = Release|Any CPU
		{8A0D0932-16CD-4647-A4CF-E6A67D27D8AD}.Release|x64.ActiveCfg = Release|Any CPU
		{8A0D0932-16CD-4647-A4CF-E6A67D27D8AD}.Release|x64.Build.0 = Release|Any CPU
		{8A0D0932-16CD-4647-A4CF-E6A67D27D8AD}.Release|x86.ActiveCfg = Release|Any CPU
		{8A0D0932-16CD-4647-A4CF-E6A67D27D8AD}.Release|x86.Build.0 = Release|Any CPU
		{1C7C4346-E1BB-4DD4-BE73-BB8EE664A0B0}.Debug|Any CPU.ActiveCfg = Debug|Any CPU
		{1C7C4346-E1BB-4DD4-BE73-BB8EE664A0B0}.Debug|Any CPU.Build.0 = Debug|Any CPU
		{1C7C4346-E1BB-4DD4-BE73-BB8EE664A0B0}.Debug|x64.ActiveCfg = Debug|Any CPU
		{1C7C4346-E1BB-4DD4-BE73-BB8EE664A0B0}.Debug|x64.Build.0 = Debug|Any CPU
		{1C7C4346-E1BB-4DD4-BE73-BB8EE664A0B0}.Debug|x86.ActiveCfg = Debug|Any CPU
		{1C7C4346-E1BB-4DD4-BE73-BB8EE664A0B0}.Debug|x86.Build.0 = Debug|Any CPU
		{1C7C4346-E1BB-4DD4-BE73-BB8EE664A0B0}.Release|Any CPU.ActiveCfg = Release|Any CPU
		{1C7C4346-E1BB-4DD4-BE73-BB8EE664A0B0}.Release|Any CPU.Build.0 = Release|Any CPU
		{1C7C4346-E1BB-4DD4-BE73-BB8EE664A0B0}.Release|x64.ActiveCfg = Release|Any CPU
		{1C7C4346-E1BB-4DD4-BE73-BB8EE664A0B0}.Release|x64.Build.0 = Release|Any CPU
		{1C7C4346-E1BB-4DD4-BE73-BB8EE664A0B0}.Release|x86.ActiveCfg = Release|Any CPU
		{1C7C4346-E1BB-4DD4-BE73-BB8EE664A0B0}.Release|x86.Build.0 = Release|Any CPU
		{2C4D73D6-34A4-4523-8150-79441AFB69A1}.Debug|Any CPU.ActiveCfg = Debug|Any CPU
		{2C4D73D6-34A4-4523-8150-79441AFB69A1}.Debug|Any CPU.Build.0 = Debug|Any CPU
		{2C4D73D6-34A4-4523-8150-79441AFB69A1}.Debug|x64.ActiveCfg = Debug|Any CPU
		{2C4D73D6-34A4-4523-8150-79441AFB69A1}.Debug|x64.Build.0 = Debug|Any CPU
		{2C4D73D6-34A4-4523-8150-79441AFB69A1}.Debug|x86.ActiveCfg = Debug|Any CPU
		{2C4D73D6-34A4-4523-8150-79441AFB69A1}.Debug|x86.Build.0 = Debug|Any CPU
		{2C4D73D6-34A4-4523-8150-79441AFB69A1}.Release|Any CPU.ActiveCfg = Release|Any CPU
		{2C4D73D6-34A4-4523-8150-79441AFB69A1}.Release|Any CPU.Build.0 = Release|Any CPU
		{2C4D73D6-34A4-4523-8150-79441AFB69A1}.Release|x64.ActiveCfg = Release|Any CPU
		{2C4D73D6-34A4-4523-8150-79441AFB69A1}.Release|x64.Build.0 = Release|Any CPU
		{2C4D73D6-34A4-4523-8150-79441AFB69A1}.Release|x86.ActiveCfg = Release|Any CPU
		{2C4D73D6-34A4-4523-8150-79441AFB69A1}.Release|x86.Build.0 = Release|Any CPU
	EndGlobalSection
	GlobalSection(SolutionProperties) = preSolution
		HideSolutionNode = FALSE
	EndGlobalSection
	GlobalSection(NestedProjects) = preSolution
		{7DC33F85-4A32-49CC-A416-B4CD37561C06} = {4F52FD11-658E-A102-6CD3-7D7C16FFA15B}
		{F5174B13-BB05-4E34-8D3F-F9F719DF78DD} = {4F52FD11-658E-A102-6CD3-7D7C16FFA15B}
		{46E60301-E8E5-4AD3-AB97-1A3DFDBFB762} = {4F52FD11-658E-A102-6CD3-7D7C16FFA15B}
		{293C06CD-4E17-48BD-9F3B-B5ADDFFA9425} = {CA253913-39DE-BFD0-C9A3-4B7EC6FBDF17}
		{01CE1B9C-C03D-4513-A4C2-12F96AE66C85} = {293C06CD-4E17-48BD-9F3B-B5ADDFFA9425}
		{E2D0798F-AD6F-44BD-ADA8-726E9160FE02} = {293C06CD-4E17-48BD-9F3B-B5ADDFFA9425}
		{D03BC61E-A9B3-48ED-884B-33028E43D0AE} = {293C06CD-4E17-48BD-9F3B-B5ADDFFA9425}
		{71F629EA-9282-2260-281D-CFF0048595FC} = {CA253913-39DE-BFD0-C9A3-4B7EC6FBDF17}
		{636213A4-A512-4740-BADE-BA3742A8325E} = {71F629EA-9282-2260-281D-CFF0048595FC}
		{EA595BD3-900E-493C-9894-040B1997792E} = {71F629EA-9282-2260-281D-CFF0048595FC}
		{51CF6D11-0E37-4D55-B300-DA0D770F168E} = {71F629EA-9282-2260-281D-CFF0048595FC}
		{0DD45662-9549-5807-2A36-C8CA849200C0} = {CA253913-39DE-BFD0-C9A3-4B7EC6FBDF17}
		{D6734CFA-4455-4E53-8D3D-C212B706F5DB} = {0DD45662-9549-5807-2A36-C8CA849200C0}
		{A66696A6-2082-4340-83F9-71DB04BC97E1} = {0DD45662-9549-5807-2A36-C8CA849200C0}
		{E33A8993-9CAA-4125-93D9-2D6853953CD1} = {0DD45662-9549-5807-2A36-C8CA849200C0}
		{729B03C7-1C3E-5EDD-EDB4-38F58E22BDF1} = {CA253913-39DE-BFD0-C9A3-4B7EC6FBDF17}
		{F4AD300A-4ACF-4AA7-BD80-506386F33298} = {729B03C7-1C3E-5EDD-EDB4-38F58E22BDF1}
		{C1AA3142-5CDA-4CE4-8F6B-5AF81074D8CF} = {729B03C7-1C3E-5EDD-EDB4-38F58E22BDF1}
		{BD65AADB-FBCF-4B06-A937-5F2103DB48C9} = {729B03C7-1C3E-5EDD-EDB4-38F58E22BDF1}
		{1FFB9A0F-042F-6584-83A8-D7D13B6E24D7} = {CA253913-39DE-BFD0-C9A3-4B7EC6FBDF17}
		{C911B15D-ABF6-4304-842F-EA086FC814A5} = {1FFB9A0F-042F-6584-83A8-D7D13B6E24D7}
		{34CD743E-9054-4BE8-A226-762105BB4A56} = {1FFB9A0F-042F-6584-83A8-D7D13B6E24D7}
		{DF8242F6-8A34-4EAB-B31A-0DDFFA3427B0} = {1FFB9A0F-042F-6584-83A8-D7D13B6E24D7}
		{EAE2E20D-523A-AD5D-3973-DFD4803BAC82} = {CA253913-39DE-BFD0-C9A3-4B7EC6FBDF17}
		{FC675215-0B55-428D-9EA9-B66248047738} = {EAE2E20D-523A-AD5D-3973-DFD4803BAC82}
		{C55BE91C-AA36-4269-B10D-F5CD731DEB96} = {EAE2E20D-523A-AD5D-3973-DFD4803BAC82}
		{D48EFDD2-0CC2-402C-9561-4E93297A7AB0} = {EAE2E20D-523A-AD5D-3973-DFD4803BAC82}
		{E4F07A3A-0D15-4D3A-4C13-E2BD6EBFF108} = {CA253913-39DE-BFD0-C9A3-4B7EC6FBDF17}
		{0C7DF24E-2BB4-46E0-BBD3-A6F71F906479} = {E4F07A3A-0D15-4D3A-4C13-E2BD6EBFF108}
		{51A3A3CA-5221-45C8-B39D-795F62651C19} = {E4F07A3A-0D15-4D3A-4C13-E2BD6EBFF108}
		{F42283E1-69AF-4356-925C-05C5F0F67178} = {E4F07A3A-0D15-4D3A-4C13-E2BD6EBFF108}
		{6153DBFE-E924-7D0F-FF5C-84EC91E8B397} = {CA253913-39DE-BFD0-C9A3-4B7EC6FBDF17}
		{4F557174-B0A8-46B3-B6DE-E9F7B118BE1B} = {6153DBFE-E924-7D0F-FF5C-84EC91E8B397}
		{69205EA9-9307-4ECF-AB8B-8B3DE40533BE} = {6153DBFE-E924-7D0F-FF5C-84EC91E8B397}
		{A7FE0268-088C-46C0-8D67-9F01C3ABBEE0} = {6153DBFE-E924-7D0F-FF5C-84EC91E8B397}
		{69DF4A77-A069-AA43-C925-9F1496C9FDA8} = {CA253913-39DE-BFD0-C9A3-4B7EC6FBDF17}
		{7304C3AE-B7C5-4204-8184-DD837FD2D487} = {69DF4A77-A069-AA43-C925-9F1496C9FDA8}
		{C57D2E66-F8A7-4C44-AE32-D350B48ACFB6} = {69DF4A77-A069-AA43-C925-9F1496C9FDA8}
		{14B739FD-7001-48F5-8B7B-4E5AFB9B0B56} = {69DF4A77-A069-AA43-C925-9F1496C9FDA8}
		{18C895D1-4424-AC2A-0692-62B205FD9E4D} = {CA253913-39DE-BFD0-C9A3-4B7EC6FBDF17}
		{3EE5D306-12E0-4994-B0EA-7A3B617B7514} = {18C895D1-4424-AC2A-0692-62B205FD9E4D}
		{A7C3DA44-68E2-4EBF-9FE9-990CD574867A} = {18C895D1-4424-AC2A-0692-62B205FD9E4D}
		{D88B8D26-8DF1-4065-ACF5-15CC4F513E8D} = {18C895D1-4424-AC2A-0692-62B205FD9E4D}
		{F5B1C022-CD00-4CB7-8C78-784EF207F01A} = {54278E62-28FC-574E-69E4-38865D0A5AEC}
		{92773F90-D18B-4FDA-A521-31124894BDB3} = {54278E62-28FC-574E-69E4-38865D0A5AEC}
		{41B4DC07-647F-41B4-896D-BB907D5C2899} = {54278E62-28FC-574E-69E4-38865D0A5AEC}
		{7AEE409A-C9F7-9D21-B12F-8C9C96CA921D} = {CA253913-39DE-BFD0-C9A3-4B7EC6FBDF17}
		{62E20F0B-B038-4408-A67A-058007A5048A} = {7AEE409A-C9F7-9D21-B12F-8C9C96CA921D}
		{79846EBB-5E3F-4FA7-A5FE-49BFC868ADFD} = {7AEE409A-C9F7-9D21-B12F-8C9C96CA921D}
		{582FCFD7-E7AA-4273-84DD-2059CF5F0173} = {7AEE409A-C9F7-9D21-B12F-8C9C96CA921D}
		{E0F3FF92-BB8A-7B6F-817B-58792AAD083B} = {CA253913-39DE-BFD0-C9A3-4B7EC6FBDF17}
		{202115FB-F48C-4FED-A61B-1351FD1DD7A5} = {E0F3FF92-BB8A-7B6F-817B-58792AAD083B}
		{2F4D5853-8D32-4E09-AA7F-73BB95798381} = {E0F3FF92-BB8A-7B6F-817B-58792AAD083B}
		{14DF0778-4DB2-448C-8B51-AAF8AEE7F3D8} = {E0F3FF92-BB8A-7B6F-817B-58792AAD083B}
		{8A0D0932-16CD-4647-A4CF-E6A67D27D8AD} = {0C88DD14-F956-CE84-757C-A364CCF449FC}
		{1C7C4346-E1BB-4DD4-BE73-BB8EE664A0B0} = {4F52FD11-658E-A102-6CD3-7D7C16FFA15B}
		{2C4D73D6-34A4-4523-8150-79441AFB69A1} = {0C88DD14-F956-CE84-757C-A364CCF449FC}
	EndGlobalSection
EndGlobal
